PODS:
  - Alamofire (3.2.0)
  - LCTabBarController (1.2.7)
  - MJExtension (3.0.10)
  - MSCollectionViewCalendarLayout (0.1.5)
  - Spring (1.0.3)
  - STRegex (0.3.1)
  - SVProgressHUD (2.0.3)
  - SwiftyJSON (2.3.2)
  - TPKeyboardAvoiding (1.2.11)

DEPENDENCIES:
  - Alamofire (~> 3.0)
  - LCTabBarController
  - MJExtension
  - MSCollectionViewCalendarLayout
  - Spring (from `https://github.com/MengTo/Spring.git`, branch `swift2`)
  - STRegex (~> 0.3.0)
  - SVProgressHUD
  - SwiftyJSON
  - TPKeyboardAvoiding

EXTERNAL SOURCES:
  Spring:
    :branch: swift2
    :git: https://github.com/MengTo/Spring.git

CHECKOUT OPTIONS:
  Spring:
    :commit: 18d5c7b74489de8044e34767f856d1e574f0820e
    :git: https://github.com/MengTo/Spring.git

SPEC CHECKSUMS:
  Alamofire: 4da478599fccddff361205c8929333d7fe18dceb
  LCTabBarController: 8f65dd64fc3b8d0bfe97cf972145f5840e0b0470
  MJExtension: d86aacb740c87519d20e3cca55b6fa4be6cc7548
  MSCollectionViewCalendarLayout: 9c52894930d6b712951f18873618fc32c00cd4fa
  Spring: 3f02b5dc3308572ef177b3cad0fa7bbc4b0706f7
  STRegex: 4c27ffabad2c8b603f050d28e6c794eb72a13608
  SVProgressHUD: b0830714205bea1317ea1a2ebc71e5633af334d4
  SwiftyJSON: 04ccea08915aa0109039157c7974cf0298da292a
  TPKeyboardAvoiding: e5ce146b313de063957bfa75a13f1e9b0ff18ab7

COCOAPODS: 0.39.0
