// !$*UTF8*$!
{
	archiveVersion = 1;
	classes = {
	};
	objectVersion = 46;
	objects = {

/* Begin PBXBuildFile section */
		C35912C857EB21BDF24880F7 /* Pods_CampusAssistant.framework in Frameworks */ = {isa = PBXBuildFile; fileRef = E77B343ACF9B277C71FC6841 /* Pods_CampusAssistant.framework */; };
		EF0C41721C758B820044B9C0 /* collections.plist in Resources */ = {isa = PBXBuildFile; fileRef = EF0C41711C758B820044B9C0 /* collections.plist */; };
		EF0C41871C75CA5F0044B9C0 /* CACollection.m in Sources */ = {isa = PBXBuildFile; fileRef = EF0C41841C75CA5F0044B9C0 /* CACollection.m */; };
		EF0C41881C75CA5F0044B9C0 /* CAFunction.m in Sources */ = {isa = PBXBuildFile; fileRef = EF0C41861C75CA5F0044B9C0 /* CAFunction.m */; };
		EF18DAD31C79694200369F33 /* CARightSlideMenuViewController.swift in Sources */ = {isa = PBXBuildFile; fileRef = EF18DAD21C79694200369F33 /* CARightSlideMenuViewController.swift */; };
		EF331FCC1C7861A200695A3B /* CAFunctionCell.swift in Sources */ = {isa = PBXBuildFile; fileRef = EF331FC91C7861A200695A3B /* CAFunctionCell.swift */; };
		EF331FCD1C7861A200695A3B /* CAFunctionCell.xib in Resources */ = {isa = PBXBuildFile; fileRef = EF331FCA1C7861A200695A3B /* CAFunctionCell.xib */; };
		EF331FCF1C7861C100695A3B /* CAProfileInfoCell.swift in Sources */ = {isa = PBXBuildFile; fileRef = EF331FCE1C7861C100695A3B /* CAProfileInfoCell.swift */; };
		EF331FD11C7861D000695A3B /* CAProfileInfoCell.xib in Resources */ = {isa = PBXBuildFile; fileRef = EF331FD01C7861D000695A3B /* CAProfileInfoCell.xib */; };
		EF331FD41C786C6600695A3B /* CAStudentTool.swift in Sources */ = {isa = PBXBuildFile; fileRef = EF331FD31C786C6600695A3B /* CAStudentTool.swift */; };
		EF377C3F1C6F919B00B40D20 /* AppDelegate.swift in Sources */ = {isa = PBXBuildFile; fileRef = EF377C3E1C6F919B00B40D20 /* AppDelegate.swift */; };
		EF377C441C6F919B00B40D20 /* Main.storyboard in Resources */ = {isa = PBXBuildFile; fileRef = EF377C421C6F919B00B40D20 /* Main.storyboard */; };
		EF377C491C6F919B00B40D20 /* LaunchScreen.storyboard in Resources */ = {isa = PBXBuildFile; fileRef = EF377C471C6F919B00B40D20 /* LaunchScreen.storyboard */; };
		EF377C541C6F919B00B40D20 /* CampusAssistantTests.swift in Sources */ = {isa = PBXBuildFile; fileRef = EF377C531C6F919B00B40D20 /* CampusAssistantTests.swift */; };
		EF3D6FE01C7064740051DA24 /* CAHomeViewController.swift in Sources */ = {isa = PBXBuildFile; fileRef = EF3D6FDF1C7064740051DA24 /* CAHomeViewController.swift */; };
		EF3D6FE21C70647C0051DA24 /* CAProfileViewController.swift in Sources */ = {isa = PBXBuildFile; fileRef = EF3D6FE11C70647C0051DA24 /* CAProfileViewController.swift */; };
		EF3D6FE41C7064870051DA24 /* CACollectionsViewController.swift in Sources */ = {isa = PBXBuildFile; fileRef = EF3D6FE31C7064870051DA24 /* CACollectionsViewController.swift */; };
		EF3D6FEB1C70D09A0051DA24 /* Montserrat-Bold.ttf in Resources */ = {isa = PBXBuildFile; fileRef = EF3D6FE91C70D09A0051DA24 /* Montserrat-Bold.ttf */; };
		EF3D6FEC1C70D09A0051DA24 /* Montserrat-Regular.ttf in Resources */ = {isa = PBXBuildFile; fileRef = EF3D6FEA1C70D09A0051DA24 /* Montserrat-Regular.ttf */; };
		EF3DF2721C784A08002276A6 /* CAStudent.m in Sources */ = {isa = PBXBuildFile; fileRef = EF3DF2711C784A08002276A6 /* CAStudent.m */; };
		EF3DF2741C784F0F002276A6 /* NSData+CA.swift in Sources */ = {isa = PBXBuildFile; fileRef = EF3DF2731C784F0F002276A6 /* NSData+CA.swift */; };
		EF44E7FD1C7AFE0F00ADCC5E /* SWRevealViewController.m in Sources */ = {isa = PBXBuildFile; fileRef = EF44E7FC1C7AFE0F00ADCC5E /* SWRevealViewController.m */; };
		EF44E8011C7BFCDE00ADCC5E /* CAAccountSectionView.swift in Sources */ = {isa = PBXBuildFile; fileRef = EF44E8001C7BFCDE00ADCC5E /* CAAccountSectionView.swift */; };
		EF44E8031C7BFCEE00ADCC5E /* CAAccountSectionView.xib in Resources */ = {isa = PBXBuildFile; fileRef = EF44E8021C7BFCEE00ADCC5E /* CAAccountSectionView.xib */; };
		EF44E8051C7BFD0B00ADCC5E /* CAIPWGSectionView.swift in Sources */ = {isa = PBXBuildFile; fileRef = EF44E8041C7BFD0B00ADCC5E /* CAIPWGSectionView.swift */; };
		EF44E8071C7BFD1E00ADCC5E /* CAIPWGSectionView.xib in Resources */ = {isa = PBXBuildFile; fileRef = EF44E8061C7BFD1E00ADCC5E /* CAIPWGSectionView.xib */; };
		EF44E80A1C7C1FA600ADCC5E /* CALightAlphaTextField.swift in Sources */ = {isa = PBXBuildFile; fileRef = EF44E8091C7C1FA600ADCC5E /* CALightAlphaTextField.swift */; };
		EF44E80C1C7C5DB300ADCC5E /* UIColor+CA.swift in Sources */ = {isa = PBXBuildFile; fileRef = EF44E80B1C7C5DB300ADCC5E /* UIColor+CA.swift */; };
		EF44E8101C7C8BC200ADCC5E /* String+CA.swift in Sources */ = {isa = PBXBuildFile; fileRef = EF44E80F1C7C8BC200ADCC5E /* String+CA.swift */; };
		EF4E1DB21C85C23200680EF4 /* CANavigationController.swift in Sources */ = {isa = PBXBuildFile; fileRef = EF4E1DB11C85C23200680EF4 /* CANavigationController.swift */; };
		EF4E1DBB1C85CFE200680EF4 /* CACheckGradesViewController.swift in Sources */ = {isa = PBXBuildFile; fileRef = EF4E1DBA1C85CFE200680EF4 /* CACheckGradesViewController.swift */; };
		EF4E1DBD1C85CFEE00680EF4 /* CAClassListViewController.swift in Sources */ = {isa = PBXBuildFile; fileRef = EF4E1DBC1C85CFEE00680EF4 /* CAClassListViewController.swift */; };
		EF4E1DBF1C85D07C00680EF4 /* CACreditWarningViewController.swift in Sources */ = {isa = PBXBuildFile; fileRef = EF4E1DBE1C85D07C00680EF4 /* CACreditWarningViewController.swift */; };
		EF4E1DC11C85D08D00680EF4 /* CAEmptyRoomViewController.swift in Sources */ = {isa = PBXBuildFile; fileRef = EF4E1DC01C85D08D00680EF4 /* CAEmptyRoomViewController.swift */; };
		EF4E1DC31C85D09700680EF4 /* CAExamAgendaViewController.swift in Sources */ = {isa = PBXBuildFile; fileRef = EF4E1DC21C85D09700680EF4 /* CAExamAgendaViewController.swift */; };
		EF4E1DC51C85D0A100680EF4 /* CAFosterPlanViewController.swift in Sources */ = {isa = PBXBuildFile; fileRef = EF4E1DC41C85D0A100680EF4 /* CAFosterPlanViewController.swift */; };
		EF50E7EA1C772A6700A0A5A5 /* CAProfileHeader.xib in Resources */ = {isa = PBXBuildFile; fileRef = EF50E7E91C772A6700A0A5A5 /* CAProfileHeader.xib */; };
		EF50E7EE1C772CDC00A0A5A5 /* CACollectionTitleHeader.swift in Sources */ = {isa = PBXBuildFile; fileRef = EF50E7EC1C772CDC00A0A5A5 /* CACollectionTitleHeader.swift */; };
		EF50E7EF1C772CDC00A0A5A5 /* CACollectionTitleHeader.xib in Resources */ = {isa = PBXBuildFile; fileRef = EF50E7ED1C772CDC00A0A5A5 /* CACollectionTitleHeader.xib */; };
		EF50E7F11C773F0F00A0A5A5 /* CAProfileHeader.swift in Sources */ = {isa = PBXBuildFile; fileRef = EF50E7F01C773F0F00A0A5A5 /* CAProfileHeader.swift */; };
		EF50E7F31C775C0A00A0A5A5 /* UIImage+CA.swift in Sources */ = {isa = PBXBuildFile; fileRef = EF50E7F21C775C0A00A0A5A5 /* UIImage+CA.swift */; };
		EF50E7F51C77621B00A0A5A5 /* UIImageView+CA.swift in Sources */ = {isa = PBXBuildFile; fileRef = EF50E7F41C77621B00A0A5A5 /* UIImageView+CA.swift */; };
		EF5809251CB7D4CC00069EA2 /* Localizable.strings in Resources */ = {isa = PBXBuildFile; fileRef = EF5808CB1CB7D4CC00069EA2 /* Localizable.strings */; };
		EF5809261CB7D4CC00069EA2 /* MGCAlignedGeometry.m in Sources */ = {isa = PBXBuildFile; fileRef = EF5808CF1CB7D4CC00069EA2 /* MGCAlignedGeometry.m */; };
		EF5809271CB7D4CC00069EA2 /* MGCAllDayEventsViewLayout.m in Sources */ = {isa = PBXBuildFile; fileRef = EF5808D11CB7D4CC00069EA2 /* MGCAllDayEventsViewLayout.m */; };
		EF5809281CB7D4CC00069EA2 /* MGCDateRange.m in Sources */ = {isa = PBXBuildFile; fileRef = EF5808D31CB7D4CC00069EA2 /* MGCDateRange.m */; };
		EF5809291CB7D4CC00069EA2 /* MGCDayColumnCell.m in Sources */ = {isa = PBXBuildFile; fileRef = EF5808D51CB7D4CC00069EA2 /* MGCDayColumnCell.m */; };
		EF58092A1CB7D4CC00069EA2 /* MGCDayPlannerEKViewController.m in Sources */ = {isa = PBXBuildFile; fileRef = EF5808D71CB7D4CC00069EA2 /* MGCDayPlannerEKViewController.m */; };
		EF58092B1CB7D4CC00069EA2 /* MGCDayPlannerView.m in Sources */ = {isa = PBXBuildFile; fileRef = EF5808D91CB7D4CC00069EA2 /* MGCDayPlannerView.m */; };
		EF58092C1CB7D4CC00069EA2 /* MGCDayPlannerViewController.m in Sources */ = {isa = PBXBuildFile; fileRef = EF5808DB1CB7D4CC00069EA2 /* MGCDayPlannerViewController.m */; };
		EF58092D1CB7D4CC00069EA2 /* MGCEventCell.m in Sources */ = {isa = PBXBuildFile; fileRef = EF5808DD1CB7D4CC00069EA2 /* MGCEventCell.m */; };
		EF58092E1CB7D4CC00069EA2 /* MGCEventCellLayoutAttributes.m in Sources */ = {isa = PBXBuildFile; fileRef = EF5808DF1CB7D4CC00069EA2 /* MGCEventCellLayoutAttributes.m */; };
		EF58092F1CB7D4CC00069EA2 /* MGCEventKitSupport.m in Sources */ = {isa = PBXBuildFile; fileRef = EF5808E11CB7D4CC00069EA2 /* MGCEventKitSupport.m */; };
		EF5809301CB7D4CC00069EA2 /* MGCEventsRowView.m in Sources */ = {isa = PBXBuildFile; fileRef = EF5808E31CB7D4CC00069EA2 /* MGCEventsRowView.m */; };
		EF5809311CB7D4CC00069EA2 /* MGCEventView.m in Sources */ = {isa = PBXBuildFile; fileRef = EF5808E51CB7D4CC00069EA2 /* MGCEventView.m */; };
		EF5809321CB7D4CC00069EA2 /* MGCInteractiveEventView.m in Sources */ = {isa = PBXBuildFile; fileRef = EF5808E71CB7D4CC00069EA2 /* MGCInteractiveEventView.m */; };
		EF5809331CB7D4CC00069EA2 /* MGCMonthMiniCalendarView.m in Sources */ = {isa = PBXBuildFile; fileRef = EF5808E91CB7D4CC00069EA2 /* MGCMonthMiniCalendarView.m */; };
		EF5809341CB7D4CC00069EA2 /* MGCMonthPlannerBackgroundView.m in Sources */ = {isa = PBXBuildFile; fileRef = EF5808EB1CB7D4CC00069EA2 /* MGCMonthPlannerBackgroundView.m */; };
		EF5809351CB7D4CC00069EA2 /* MGCMonthPlannerEKViewController.m in Sources */ = {isa = PBXBuildFile; fileRef = EF5808ED1CB7D4CC00069EA2 /* MGCMonthPlannerEKViewController.m */; };
		EF5809361CB7D4CC00069EA2 /* MGCMonthPlannerHeaderView.m in Sources */ = {isa = PBXBuildFile; fileRef = EF5808EF1CB7D4CC00069EA2 /* MGCMonthPlannerHeaderView.m */; };
		EF5809371CB7D4CC00069EA2 /* MGCMonthPlannerView.m in Sources */ = {isa = PBXBuildFile; fileRef = EF5808F11CB7D4CC00069EA2 /* MGCMonthPlannerView.m */; };
		EF5809381CB7D4CC00069EA2 /* MGCMonthPlannerViewController.m in Sources */ = {isa = PBXBuildFile; fileRef = EF5808F31CB7D4CC00069EA2 /* MGCMonthPlannerViewController.m */; };
		EF5809391CB7D4CC00069EA2 /* MGCMonthPlannerViewDayCell.m in Sources */ = {isa = PBXBuildFile; fileRef = EF5808F51CB7D4CC00069EA2 /* MGCMonthPlannerViewDayCell.m */; };
		EF58093A1CB7D4CC00069EA2 /* MGCMonthPlannerViewLayout.m in Sources */ = {isa = PBXBuildFile; fileRef = EF5808F71CB7D4CC00069EA2 /* MGCMonthPlannerViewLayout.m */; };
		EF58093B1CB7D4CC00069EA2 /* MGCMonthPlannerWeekView.m in Sources */ = {isa = PBXBuildFile; fileRef = EF5808F91CB7D4CC00069EA2 /* MGCMonthPlannerWeekView.m */; };
		EF58093C1CB7D4CC00069EA2 /* MGCReusableObjectQueue.m in Sources */ = {isa = PBXBuildFile; fileRef = EF5808FB1CB7D4CC00069EA2 /* MGCReusableObjectQueue.m */; };
		EF58093D1CB7D4CC00069EA2 /* MGCStandardEventView.m in Sources */ = {isa = PBXBuildFile; fileRef = EF5808FD1CB7D4CC00069EA2 /* MGCStandardEventView.m */; };
		EF58093E1CB7D4CC00069EA2 /* MGCTimedEventsViewLayout.m in Sources */ = {isa = PBXBuildFile; fileRef = EF5808FF1CB7D4CC00069EA2 /* MGCTimedEventsViewLayout.m */; };
		EF58093F1CB7D4CC00069EA2 /* MGCTimeRowsView.m in Sources */ = {isa = PBXBuildFile; fileRef = EF5809011CB7D4CC00069EA2 /* MGCTimeRowsView.m */; };
		EF5809401CB7D4CC00069EA2 /* MGCYearCalendarMonthCell.m in Sources */ = {isa = PBXBuildFile; fileRef = EF5809031CB7D4CC00069EA2 /* MGCYearCalendarMonthCell.m */; };
		EF5809411CB7D4CC00069EA2 /* MGCYearCalendarMonthHeaderView.m in Sources */ = {isa = PBXBuildFile; fileRef = EF5809051CB7D4CC00069EA2 /* MGCYearCalendarMonthHeaderView.m */; };
		EF5809421CB7D4CC00069EA2 /* MGCYearCalendarView.m in Sources */ = {isa = PBXBuildFile; fileRef = EF5809071CB7D4CC00069EA2 /* MGCYearCalendarView.m */; };
		EF5809431CB7D4CC00069EA2 /* NSAttributedString+MGCAdditions.m in Sources */ = {isa = PBXBuildFile; fileRef = EF5809091CB7D4CC00069EA2 /* NSAttributedString+MGCAdditions.m */; };
		EF5809441CB7D4CC00069EA2 /* NSCalendar+MGCAdditions.m in Sources */ = {isa = PBXBuildFile; fileRef = EF58090B1CB7D4CC00069EA2 /* NSCalendar+MGCAdditions.m */; };
		EF5809451CB7D4CC00069EA2 /* OrderedDictionary.m in Sources */ = {isa = PBXBuildFile; fileRef = EF58090E1CB7D4CC00069EA2 /* OrderedDictionary.m */; };
		EF5809461CB7D4CC00069EA2 /* OSCache.m in Sources */ = {isa = PBXBuildFile; fileRef = EF5809111CB7D4CC00069EA2 /* OSCache.m */; };
		EF5809501CB7D6D100069EA2 /* CAWeekViewController.swift in Sources */ = {isa = PBXBuildFile; fileRef = EF58094F1CB7D6D100069EA2 /* CAWeekViewController.swift */; };
		EF5DF8321C7D75F4003CF533 /* Assets.xcassets in Resources */ = {isa = PBXBuildFile; fileRef = EF5DF8311C7D75F4003CF533 /* Assets.xcassets */; };
		EFBC489D1C719DE500915AC7 /* CAWeatherSectionView.swift in Sources */ = {isa = PBXBuildFile; fileRef = EFBC489C1C719DE500915AC7 /* CAWeatherSectionView.swift */; };
		EFBC489F1C719DFF00915AC7 /* CAWeatherSectionView.xib in Resources */ = {isa = PBXBuildFile; fileRef = EFBC489E1C719DFF00915AC7 /* CAWeatherSectionView.xib */; };
		EFBC48A51C72F6AF00915AC7 /* CAStudyLifeSectionView.swift in Sources */ = {isa = PBXBuildFile; fileRef = EFBC48A41C72F6AF00915AC7 /* CAStudyLifeSectionView.swift */; };
		EFBC48A71C72FA0400915AC7 /* CAStudyLifeSectionView.xib in Resources */ = {isa = PBXBuildFile; fileRef = EFBC48A61C72FA0400915AC7 /* CAStudyLifeSectionView.xib */; };
		EFBC48AA1C73377000915AC7 /* Macro.swift in Sources */ = {isa = PBXBuildFile; fileRef = EFBC48A91C73377000915AC7 /* Macro.swift */; };
		EFBC48B11C733C3100915AC7 /* CAAddMoreSectionView.swift in Sources */ = {isa = PBXBuildFile; fileRef = EFBC48B01C733C3100915AC7 /* CAAddMoreSectionView.swift */; };
		EFBC48B31C733C3D00915AC7 /* CAAddMoreSectionView.xib in Resources */ = {isa = PBXBuildFile; fileRef = EFBC48B21C733C3D00915AC7 /* CAAddMoreSectionView.xib */; };
/* End PBXBuildFile section */

/* Begin PBXContainerItemProxy section */
		EF377C501C6F919B00B40D20 /* PBXContainerItemProxy */ = {
			isa = PBXContainerItemProxy;
			containerPortal = EF377C331C6F919B00B40D20 /* Project object */;
			proxyType = 1;
			remoteGlobalIDString = EF377C3A1C6F919B00B40D20;
			remoteInfo = CampusAssistant;
		};
/* End PBXContainerItemProxy section */

/* Begin PBXFileReference section */
		1235F2E648FC303DE461892D /* Pods-CampusAssistant.debug.xcconfig */ = {isa = PBXFileReference; includeInIndex = 1; lastKnownFileType = text.xcconfig; name = "Pods-CampusAssistant.debug.xcconfig"; path = "Pods/Target Support Files/Pods-CampusAssistant/Pods-CampusAssistant.debug.xcconfig"; sourceTree = "<group>"; };
		1503BEBBEA8DD2D8E11AF8A8 /* Pods-CampusAssistant.release.xcconfig */ = {isa = PBXFileReference; includeInIndex = 1; lastKnownFileType = text.xcconfig; name = "Pods-CampusAssistant.release.xcconfig"; path = "Pods/Target Support Files/Pods-CampusAssistant/Pods-CampusAssistant.release.xcconfig"; sourceTree = "<group>"; };
		E77B343ACF9B277C71FC6841 /* Pods_CampusAssistant.framework */ = {isa = PBXFileReference; explicitFileType = wrapper.framework; includeInIndex = 0; path = Pods_CampusAssistant.framework; sourceTree = BUILT_PRODUCTS_DIR; };
		EF0C41711C758B820044B9C0 /* collections.plist */ = {isa = PBXFileReference; fileEncoding = 4; lastKnownFileType = text.plist.xml; path = collections.plist; sourceTree = "<group>"; };
		EF0C41831C75CA5F0044B9C0 /* CACollection.h */ = {isa = PBXFileReference; fileEncoding = 4; lastKnownFileType = sourcecode.c.h; path = CACollection.h; sourceTree = "<group>"; };
		EF0C41841C75CA5F0044B9C0 /* CACollection.m */ = {isa = PBXFileReference; fileEncoding = 4; lastKnownFileType = sourcecode.c.objc; path = CACollection.m; sourceTree = "<group>"; };
		EF0C41851C75CA5F0044B9C0 /* CAFunction.h */ = {isa = PBXFileReference; fileEncoding = 4; lastKnownFileType = sourcecode.c.h; path = CAFunction.h; sourceTree = "<group>"; };
		EF0C41861C75CA5F0044B9C0 /* CAFunction.m */ = {isa = PBXFileReference; fileEncoding = 4; lastKnownFileType = sourcecode.c.objc; path = CAFunction.m; sourceTree = "<group>"; };
		EF18DAD21C79694200369F33 /* CARightSlideMenuViewController.swift */ = {isa = PBXFileReference; fileEncoding = 4; lastKnownFileType = sourcecode.swift; path = CARightSlideMenuViewController.swift; sourceTree = "<group>"; };
		EF331FC91C7861A200695A3B /* CAFunctionCell.swift */ = {isa = PBXFileReference; fileEncoding = 4; lastKnownFileType = sourcecode.swift; path = CAFunctionCell.swift; sourceTree = "<group>"; };
		EF331FCA1C7861A200695A3B /* CAFunctionCell.xib */ = {isa = PBXFileReference; fileEncoding = 4; lastKnownFileType = file.xib; path = CAFunctionCell.xib; sourceTree = "<group>"; };
		EF331FCE1C7861C100695A3B /* CAProfileInfoCell.swift */ = {isa = PBXFileReference; fileEncoding = 4; lastKnownFileType = sourcecode.swift; path = CAProfileInfoCell.swift; sourceTree = "<group>"; };
		EF331FD01C7861D000695A3B /* CAProfileInfoCell.xib */ = {isa = PBXFileReference; fileEncoding = 4; lastKnownFileType = file.xib; path = CAProfileInfoCell.xib; sourceTree = "<group>"; };
		EF331FD31C786C6600695A3B /* CAStudentTool.swift */ = {isa = PBXFileReference; fileEncoding = 4; lastKnownFileType = sourcecode.swift; path = CAStudentTool.swift; sourceTree = "<group>"; };
		EF377C3B1C6F919B00B40D20 /* CampusAssistant.app */ = {isa = PBXFileReference; explicitFileType = wrapper.application; includeInIndex = 0; path = CampusAssistant.app; sourceTree = BUILT_PRODUCTS_DIR; };
		EF377C3E1C6F919B00B40D20 /* AppDelegate.swift */ = {isa = PBXFileReference; lastKnownFileType = sourcecode.swift; path = AppDelegate.swift; sourceTree = "<group>"; };
		EF377C431C6F919B00B40D20 /* Base */ = {isa = PBXFileReference; lastKnownFileType = file.storyboard; name = Base; path = Base.lproj/Main.storyboard; sourceTree = "<group>"; };
		EF377C481C6F919B00B40D20 /* Base */ = {isa = PBXFileReference; lastKnownFileType = file.storyboard; name = Base; path = Base.lproj/LaunchScreen.storyboard; sourceTree = "<group>"; };
		EF377C4A1C6F919B00B40D20 /* Info.plist */ = {isa = PBXFileReference; lastKnownFileType = text.plist.xml; path = Info.plist; sourceTree = "<group>"; };
		EF377C4F1C6F919B00B40D20 /* CampusAssistantTests.xctest */ = {isa = PBXFileReference; explicitFileType = wrapper.cfbundle; includeInIndex = 0; path = CampusAssistantTests.xctest; sourceTree = BUILT_PRODUCTS_DIR; };
		EF377C531C6F919B00B40D20 /* CampusAssistantTests.swift */ = {isa = PBXFileReference; lastKnownFileType = sourcecode.swift; path = CampusAssistantTests.swift; sourceTree = "<group>"; };
		EF377C551C6F919B00B40D20 /* Info.plist */ = {isa = PBXFileReference; lastKnownFileType = text.plist.xml; path = Info.plist; sourceTree = "<group>"; };
		EF377C5E1C6F936900B40D20 /* CampusAssistant-Bridging-Header.h */ = {isa = PBXFileReference; lastKnownFileType = sourcecode.c.h; path = "CampusAssistant-Bridging-Header.h"; sourceTree = "<group>"; };
		EF3D6FDF1C7064740051DA24 /* CAHomeViewController.swift */ = {isa = PBXFileReference; fileEncoding = 4; lastKnownFileType = sourcecode.swift; path = CAHomeViewController.swift; sourceTree = "<group>"; };
		EF3D6FE11C70647C0051DA24 /* CAProfileViewController.swift */ = {isa = PBXFileReference; fileEncoding = 4; lastKnownFileType = sourcecode.swift; path = CAProfileViewController.swift; sourceTree = "<group>"; };
		EF3D6FE31C7064870051DA24 /* CACollectionsViewController.swift */ = {isa = PBXFileReference; fileEncoding = 4; lastKnownFileType = sourcecode.swift; path = CACollectionsViewController.swift; sourceTree = "<group>"; };
		EF3D6FE91C70D09A0051DA24 /* Montserrat-Bold.ttf */ = {isa = PBXFileReference; lastKnownFileType = file; path = "Montserrat-Bold.ttf"; sourceTree = "<group>"; };
		EF3D6FEA1C70D09A0051DA24 /* Montserrat-Regular.ttf */ = {isa = PBXFileReference; lastKnownFileType = file; path = "Montserrat-Regular.ttf"; sourceTree = "<group>"; };
		EF3DF2701C784A08002276A6 /* CAStudent.h */ = {isa = PBXFileReference; fileEncoding = 4; lastKnownFileType = sourcecode.c.h; path = CAStudent.h; sourceTree = "<group>"; };
		EF3DF2711C784A08002276A6 /* CAStudent.m */ = {isa = PBXFileReference; fileEncoding = 4; lastKnownFileType = sourcecode.c.objc; path = CAStudent.m; sourceTree = "<group>"; };
		EF3DF2731C784F0F002276A6 /* NSData+CA.swift */ = {isa = PBXFileReference; fileEncoding = 4; lastKnownFileType = sourcecode.swift; path = "NSData+CA.swift"; sourceTree = "<group>"; };
		EF44E7FB1C7AFE0F00ADCC5E /* SWRevealViewController.h */ = {isa = PBXFileReference; fileEncoding = 4; lastKnownFileType = sourcecode.c.h; path = SWRevealViewController.h; sourceTree = "<group>"; };
		EF44E7FC1C7AFE0F00ADCC5E /* SWRevealViewController.m */ = {isa = PBXFileReference; fileEncoding = 4; lastKnownFileType = sourcecode.c.objc; path = SWRevealViewController.m; sourceTree = "<group>"; };
		EF44E8001C7BFCDE00ADCC5E /* CAAccountSectionView.swift */ = {isa = PBXFileReference; fileEncoding = 4; lastKnownFileType = sourcecode.swift; path = CAAccountSectionView.swift; sourceTree = "<group>"; };
		EF44E8021C7BFCEE00ADCC5E /* CAAccountSectionView.xib */ = {isa = PBXFileReference; fileEncoding = 4; lastKnownFileType = file.xib; path = CAAccountSectionView.xib; sourceTree = "<group>"; };
		EF44E8041C7BFD0B00ADCC5E /* CAIPWGSectionView.swift */ = {isa = PBXFileReference; fileEncoding = 4; lastKnownFileType = sourcecode.swift; path = CAIPWGSectionView.swift; sourceTree = "<group>"; };
		EF44E8061C7BFD1E00ADCC5E /* CAIPWGSectionView.xib */ = {isa = PBXFileReference; fileEncoding = 4; lastKnownFileType = file.xib; path = CAIPWGSectionView.xib; sourceTree = "<group>"; };
		EF44E8091C7C1FA600ADCC5E /* CALightAlphaTextField.swift */ = {isa = PBXFileReference; fileEncoding = 4; lastKnownFileType = sourcecode.swift; path = CALightAlphaTextField.swift; sourceTree = "<group>"; };
		EF44E80B1C7C5DB300ADCC5E /* UIColor+CA.swift */ = {isa = PBXFileReference; fileEncoding = 4; lastKnownFileType = sourcecode.swift; path = "UIColor+CA.swift"; sourceTree = "<group>"; };
		EF44E80F1C7C8BC200ADCC5E /* String+CA.swift */ = {isa = PBXFileReference; fileEncoding = 4; lastKnownFileType = sourcecode.swift; path = "String+CA.swift"; sourceTree = "<group>"; };
		EF4E1DB11C85C23200680EF4 /* CANavigationController.swift */ = {isa = PBXFileReference; fileEncoding = 4; lastKnownFileType = sourcecode.swift; path = CANavigationController.swift; sourceTree = "<group>"; };
		EF4E1DBA1C85CFE200680EF4 /* CACheckGradesViewController.swift */ = {isa = PBXFileReference; fileEncoding = 4; lastKnownFileType = sourcecode.swift; path = CACheckGradesViewController.swift; sourceTree = "<group>"; };
		EF4E1DBC1C85CFEE00680EF4 /* CAClassListViewController.swift */ = {isa = PBXFileReference; fileEncoding = 4; lastKnownFileType = sourcecode.swift; path = CAClassListViewController.swift; sourceTree = "<group>"; };
		EF4E1DBE1C85D07C00680EF4 /* CACreditWarningViewController.swift */ = {isa = PBXFileReference; fileEncoding = 4; lastKnownFileType = sourcecode.swift; path = CACreditWarningViewController.swift; sourceTree = "<group>"; };
		EF4E1DC01C85D08D00680EF4 /* CAEmptyRoomViewController.swift */ = {isa = PBXFileReference; fileEncoding = 4; lastKnownFileType = sourcecode.swift; path = CAEmptyRoomViewController.swift; sourceTree = "<group>"; };
		EF4E1DC21C85D09700680EF4 /* CAExamAgendaViewController.swift */ = {isa = PBXFileReference; fileEncoding = 4; lastKnownFileType = sourcecode.swift; path = CAExamAgendaViewController.swift; sourceTree = "<group>"; };
		EF4E1DC41C85D0A100680EF4 /* CAFosterPlanViewController.swift */ = {isa = PBXFileReference; fileEncoding = 4; lastKnownFileType = sourcecode.swift; path = CAFosterPlanViewController.swift; sourceTree = "<group>"; };
		EF50E7E91C772A6700A0A5A5 /* CAProfileHeader.xib */ = {isa = PBXFileReference; fileEncoding = 4; lastKnownFileType = file.xib; path = CAProfileHeader.xib; sourceTree = "<group>"; };
		EF50E7EC1C772CDC00A0A5A5 /* CACollectionTitleHeader.swift */ = {isa = PBXFileReference; fileEncoding = 4; lastKnownFileType = sourcecode.swift; path = CACollectionTitleHeader.swift; sourceTree = "<group>"; };
		EF50E7ED1C772CDC00A0A5A5 /* CACollectionTitleHeader.xib */ = {isa = PBXFileReference; fileEncoding = 4; lastKnownFileType = file.xib; path = CACollectionTitleHeader.xib; sourceTree = "<group>"; };
		EF50E7F01C773F0F00A0A5A5 /* CAProfileHeader.swift */ = {isa = PBXFileReference; fileEncoding = 4; lastKnownFileType = sourcecode.swift; path = CAProfileHeader.swift; sourceTree = "<group>"; };
		EF50E7F21C775C0A00A0A5A5 /* UIImage+CA.swift */ = {isa = PBXFileReference; fileEncoding = 4; lastKnownFileType = sourcecode.swift; path = "UIImage+CA.swift"; sourceTree = "<group>"; };
		EF50E7F41C77621B00A0A5A5 /* UIImageView+CA.swift */ = {isa = PBXFileReference; fileEncoding = 4; lastKnownFileType = sourcecode.swift; path = "UIImageView+CA.swift"; sourceTree = "<group>"; };
		EF5808CA1CB7D4CC00069EA2 /* Constant.h */ = {isa = PBXFileReference; fileEncoding = 4; lastKnownFileType = sourcecode.c.h; path = Constant.h; sourceTree = "<group>"; };
		EF5808CC1CB7D4CC00069EA2 /* en */ = {isa = PBXFileReference; lastKnownFileType = text.plist.strings; name = en; path = en.lproj/Localizable.strings; sourceTree = "<group>"; };
		EF5808CD1CB7D4CC00069EA2 /* fr */ = {isa = PBXFileReference; lastKnownFileType = text.plist.strings; name = fr; path = fr.lproj/Localizable.strings; sourceTree = "<group>"; };
		EF5808CE1CB7D4CC00069EA2 /* MGCAlignedGeometry.h */ = {isa = PBXFileReference; fileEncoding = 4; lastKnownFileType = sourcecode.c.h; path = MGCAlignedGeometry.h; sourceTree = "<group>"; };
		EF5808CF1CB7D4CC00069EA2 /* MGCAlignedGeometry.m */ = {isa = PBXFileReference; fileEncoding = 4; lastKnownFileType = sourcecode.c.objc; path = MGCAlignedGeometry.m; sourceTree = "<group>"; };
		EF5808D01CB7D4CC00069EA2 /* MGCAllDayEventsViewLayout.h */ = {isa = PBXFileReference; fileEncoding = 4; lastKnownFileType = sourcecode.c.h; path = MGCAllDayEventsViewLayout.h; sourceTree = "<group>"; };
		EF5808D11CB7D4CC00069EA2 /* MGCAllDayEventsViewLayout.m */ = {isa = PBXFileReference; fileEncoding = 4; lastKnownFileType = sourcecode.c.objc; path = MGCAllDayEventsViewLayout.m; sourceTree = "<group>"; };
		EF5808D21CB7D4CC00069EA2 /* MGCDateRange.h */ = {isa = PBXFileReference; fileEncoding = 4; lastKnownFileType = sourcecode.c.h; path = MGCDateRange.h; sourceTree = "<group>"; };
		EF5808D31CB7D4CC00069EA2 /* MGCDateRange.m */ = {isa = PBXFileReference; fileEncoding = 4; lastKnownFileType = sourcecode.c.objc; path = MGCDateRange.m; sourceTree = "<group>"; };
		EF5808D41CB7D4CC00069EA2 /* MGCDayColumnCell.h */ = {isa = PBXFileReference; fileEncoding = 4; lastKnownFileType = sourcecode.c.h; path = MGCDayColumnCell.h; sourceTree = "<group>"; };
		EF5808D51CB7D4CC00069EA2 /* MGCDayColumnCell.m */ = {isa = PBXFileReference; fileEncoding = 4; lastKnownFileType = sourcecode.c.objc; path = MGCDayColumnCell.m; sourceTree = "<group>"; };
		EF5808D61CB7D4CC00069EA2 /* MGCDayPlannerEKViewController.h */ = {isa = PBXFileReference; fileEncoding = 4; lastKnownFileType = sourcecode.c.h; path = MGCDayPlannerEKViewController.h; sourceTree = "<group>"; };
		EF5808D71CB7D4CC00069EA2 /* MGCDayPlannerEKViewController.m */ = {isa = PBXFileReference; fileEncoding = 4; lastKnownFileType = sourcecode.c.objc; path = MGCDayPlannerEKViewController.m; sourceTree = "<group>"; };
		EF5808D81CB7D4CC00069EA2 /* MGCDayPlannerView.h */ = {isa = PBXFileReference; fileEncoding = 4; lastKnownFileType = sourcecode.c.h; path = MGCDayPlannerView.h; sourceTree = "<group>"; };
		EF5808D91CB7D4CC00069EA2 /* MGCDayPlannerView.m */ = {isa = PBXFileReference; fileEncoding = 4; lastKnownFileType = sourcecode.c.objc; path = MGCDayPlannerView.m; sourceTree = "<group>"; };
		EF5808DA1CB7D4CC00069EA2 /* MGCDayPlannerViewController.h */ = {isa = PBXFileReference; fileEncoding = 4; lastKnownFileType = sourcecode.c.h; path = MGCDayPlannerViewController.h; sourceTree = "<group>"; };
		EF5808DB1CB7D4CC00069EA2 /* MGCDayPlannerViewController.m */ = {isa = PBXFileReference; fileEncoding = 4; lastKnownFileType = sourcecode.c.objc; path = MGCDayPlannerViewController.m; sourceTree = "<group>"; };
		EF5808DC1CB7D4CC00069EA2 /* MGCEventCell.h */ = {isa = PBXFileReference; fileEncoding = 4; lastKnownFileType = sourcecode.c.h; path = MGCEventCell.h; sourceTree = "<group>"; };
		EF5808DD1CB7D4CC00069EA2 /* MGCEventCell.m */ = {isa = PBXFileReference; fileEncoding = 4; lastKnownFileType = sourcecode.c.objc; path = MGCEventCell.m; sourceTree = "<group>"; };
		EF5808DE1CB7D4CC00069EA2 /* MGCEventCellLayoutAttributes.h */ = {isa = PBXFileReference; fileEncoding = 4; lastKnownFileType = sourcecode.c.h; path = MGCEventCellLayoutAttributes.h; sourceTree = "<group>"; };
		EF5808DF1CB7D4CC00069EA2 /* MGCEventCellLayoutAttributes.m */ = {isa = PBXFileReference; fileEncoding = 4; lastKnownFileType = sourcecode.c.objc; path = MGCEventCellLayoutAttributes.m; sourceTree = "<group>"; };
		EF5808E01CB7D4CC00069EA2 /* MGCEventKitSupport.h */ = {isa = PBXFileReference; fileEncoding = 4; lastKnownFileType = sourcecode.c.h; path = MGCEventKitSupport.h; sourceTree = "<group>"; };
		EF5808E11CB7D4CC00069EA2 /* MGCEventKitSupport.m */ = {isa = PBXFileReference; fileEncoding = 4; lastKnownFileType = sourcecode.c.objc; path = MGCEventKitSupport.m; sourceTree = "<group>"; };
		EF5808E21CB7D4CC00069EA2 /* MGCEventsRowView.h */ = {isa = PBXFileReference; fileEncoding = 4; lastKnownFileType = sourcecode.c.h; path = MGCEventsRowView.h; sourceTree = "<group>"; };
		EF5808E31CB7D4CC00069EA2 /* MGCEventsRowView.m */ = {isa = PBXFileReference; fileEncoding = 4; lastKnownFileType = sourcecode.c.objc; path = MGCEventsRowView.m; sourceTree = "<group>"; };
		EF5808E41CB7D4CC00069EA2 /* MGCEventView.h */ = {isa = PBXFileReference; fileEncoding = 4; lastKnownFileType = sourcecode.c.h; path = MGCEventView.h; sourceTree = "<group>"; };
		EF5808E51CB7D4CC00069EA2 /* MGCEventView.m */ = {isa = PBXFileReference; fileEncoding = 4; lastKnownFileType = sourcecode.c.objc; path = MGCEventView.m; sourceTree = "<group>"; };
		EF5808E61CB7D4CC00069EA2 /* MGCInteractiveEventView.h */ = {isa = PBXFileReference; fileEncoding = 4; lastKnownFileType = sourcecode.c.h; path = MGCInteractiveEventView.h; sourceTree = "<group>"; };
		EF5808E71CB7D4CC00069EA2 /* MGCInteractiveEventView.m */ = {isa = PBXFileReference; fileEncoding = 4; lastKnownFileType = sourcecode.c.objc; path = MGCInteractiveEventView.m; sourceTree = "<group>"; };
		EF5808E81CB7D4CC00069EA2 /* MGCMonthMiniCalendarView.h */ = {isa = PBXFileReference; fileEncoding = 4; lastKnownFileType = sourcecode.c.h; path = MGCMonthMiniCalendarView.h; sourceTree = "<group>"; };
		EF5808E91CB7D4CC00069EA2 /* MGCMonthMiniCalendarView.m */ = {isa = PBXFileReference; fileEncoding = 4; lastKnownFileType = sourcecode.c.objc; path = MGCMonthMiniCalendarView.m; sourceTree = "<group>"; };
		EF5808EA1CB7D4CC00069EA2 /* MGCMonthPlannerBackgroundView.h */ = {isa = PBXFileReference; fileEncoding = 4; lastKnownFileType = sourcecode.c.h; path = MGCMonthPlannerBackgroundView.h; sourceTree = "<group>"; };
		EF5808EB1CB7D4CC00069EA2 /* MGCMonthPlannerBackgroundView.m */ = {isa = PBXFileReference; fileEncoding = 4; lastKnownFileType = sourcecode.c.objc; path = MGCMonthPlannerBackgroundView.m; sourceTree = "<group>"; };
		EF5808EC1CB7D4CC00069EA2 /* MGCMonthPlannerEKViewController.h */ = {isa = PBXFileReference; fileEncoding = 4; lastKnownFileType = sourcecode.c.h; path = MGCMonthPlannerEKViewController.h; sourceTree = "<group>"; };
		EF5808ED1CB7D4CC00069EA2 /* MGCMonthPlannerEKViewController.m */ = {isa = PBXFileReference; fileEncoding = 4; lastKnownFileType = sourcecode.c.objc; path = MGCMonthPlannerEKViewController.m; sourceTree = "<group>"; };
		EF5808EE1CB7D4CC00069EA2 /* MGCMonthPlannerHeaderView.h */ = {isa = PBXFileReference; fileEncoding = 4; lastKnownFileType = sourcecode.c.h; path = MGCMonthPlannerHeaderView.h; sourceTree = "<group>"; };
		EF5808EF1CB7D4CC00069EA2 /* MGCMonthPlannerHeaderView.m */ = {isa = PBXFileReference; fileEncoding = 4; lastKnownFileType = sourcecode.c.objc; path = MGCMonthPlannerHeaderView.m; sourceTree = "<group>"; };
		EF5808F01CB7D4CC00069EA2 /* MGCMonthPlannerView.h */ = {isa = PBXFileReference; fileEncoding = 4; lastKnownFileType = sourcecode.c.h; path = MGCMonthPlannerView.h; sourceTree = "<group>"; };
		EF5808F11CB7D4CC00069EA2 /* MGCMonthPlannerView.m */ = {isa = PBXFileReference; fileEncoding = 4; lastKnownFileType = sourcecode.c.objc; path = MGCMonthPlannerView.m; sourceTree = "<group>"; };
		EF5808F21CB7D4CC00069EA2 /* MGCMonthPlannerViewController.h */ = {isa = PBXFileReference; fileEncoding = 4; lastKnownFileType = sourcecode.c.h; path = MGCMonthPlannerViewController.h; sourceTree = "<group>"; };
		EF5808F31CB7D4CC00069EA2 /* MGCMonthPlannerViewController.m */ = {isa = PBXFileReference; fileEncoding = 4; lastKnownFileType = sourcecode.c.objc; path = MGCMonthPlannerViewController.m; sourceTree = "<group>"; };
		EF5808F41CB7D4CC00069EA2 /* MGCMonthPlannerViewDayCell.h */ = {isa = PBXFileReference; fileEncoding = 4; lastKnownFileType = sourcecode.c.h; path = MGCMonthPlannerViewDayCell.h; sourceTree = "<group>"; };
		EF5808F51CB7D4CC00069EA2 /* MGCMonthPlannerViewDayCell.m */ = {isa = PBXFileReference; fileEncoding = 4; lastKnownFileType = sourcecode.c.objc; path = MGCMonthPlannerViewDayCell.m; sourceTree = "<group>"; };
		EF5808F61CB7D4CC00069EA2 /* MGCMonthPlannerViewLayout.h */ = {isa = PBXFileReference; fileEncoding = 4; lastKnownFileType = sourcecode.c.h; path = MGCMonthPlannerViewLayout.h; sourceTree = "<group>"; };
		EF5808F71CB7D4CC00069EA2 /* MGCMonthPlannerViewLayout.m */ = {isa = PBXFileReference; fileEncoding = 4; lastKnownFileType = sourcecode.c.objc; path = MGCMonthPlannerViewLayout.m; sourceTree = "<group>"; };
		EF5808F81CB7D4CC00069EA2 /* MGCMonthPlannerWeekView.h */ = {isa = PBXFileReference; fileEncoding = 4; lastKnownFileType = sourcecode.c.h; path = MGCMonthPlannerWeekView.h; sourceTree = "<group>"; };
		EF5808F91CB7D4CC00069EA2 /* MGCMonthPlannerWeekView.m */ = {isa = PBXFileReference; fileEncoding = 4; lastKnownFileType = sourcecode.c.objc; path = MGCMonthPlannerWeekView.m; sourceTree = "<group>"; };
		EF5808FA1CB7D4CC00069EA2 /* MGCReusableObjectQueue.h */ = {isa = PBXFileReference; fileEncoding = 4; lastKnownFileType = sourcecode.c.h; path = MGCReusableObjectQueue.h; sourceTree = "<group>"; };
		EF5808FB1CB7D4CC00069EA2 /* MGCReusableObjectQueue.m */ = {isa = PBXFileReference; fileEncoding = 4; lastKnownFileType = sourcecode.c.objc; path = MGCReusableObjectQueue.m; sourceTree = "<group>"; };
		EF5808FC1CB7D4CC00069EA2 /* MGCStandardEventView.h */ = {isa = PBXFileReference; fileEncoding = 4; lastKnownFileType = sourcecode.c.h; path = MGCStandardEventView.h; sourceTree = "<group>"; };
		EF5808FD1CB7D4CC00069EA2 /* MGCStandardEventView.m */ = {isa = PBXFileReference; fileEncoding = 4; lastKnownFileType = sourcecode.c.objc; path = MGCStandardEventView.m; sourceTree = "<group>"; };
		EF5808FE1CB7D4CC00069EA2 /* MGCTimedEventsViewLayout.h */ = {isa = PBXFileReference; fileEncoding = 4; lastKnownFileType = sourcecode.c.h; path = MGCTimedEventsViewLayout.h; sourceTree = "<group>"; };
		EF5808FF1CB7D4CC00069EA2 /* MGCTimedEventsViewLayout.m */ = {isa = PBXFileReference; fileEncoding = 4; lastKnownFileType = sourcecode.c.objc; path = MGCTimedEventsViewLayout.m; sourceTree = "<group>"; };
		EF5809001CB7D4CC00069EA2 /* MGCTimeRowsView.h */ = {isa = PBXFileReference; fileEncoding = 4; lastKnownFileType = sourcecode.c.h; path = MGCTimeRowsView.h; sourceTree = "<group>"; };
		EF5809011CB7D4CC00069EA2 /* MGCTimeRowsView.m */ = {isa = PBXFileReference; fileEncoding = 4; lastKnownFileType = sourcecode.c.objc; path = MGCTimeRowsView.m; sourceTree = "<group>"; };
		EF5809021CB7D4CC00069EA2 /* MGCYearCalendarMonthCell.h */ = {isa = PBXFileReference; fileEncoding = 4; lastKnownFileType = sourcecode.c.h; path = MGCYearCalendarMonthCell.h; sourceTree = "<group>"; };
		EF5809031CB7D4CC00069EA2 /* MGCYearCalendarMonthCell.m */ = {isa = PBXFileReference; fileEncoding = 4; lastKnownFileType = sourcecode.c.objc; path = MGCYearCalendarMonthCell.m; sourceTree = "<group>"; };
		EF5809041CB7D4CC00069EA2 /* MGCYearCalendarMonthHeaderView.h */ = {isa = PBXFileReference; fileEncoding = 4; lastKnownFileType = sourcecode.c.h; path = MGCYearCalendarMonthHeaderView.h; sourceTree = "<group>"; };
		EF5809051CB7D4CC00069EA2 /* MGCYearCalendarMonthHeaderView.m */ = {isa = PBXFileReference; fileEncoding = 4; lastKnownFileType = sourcecode.c.objc; path = MGCYearCalendarMonthHeaderView.m; sourceTree = "<group>"; };
		EF5809061CB7D4CC00069EA2 /* MGCYearCalendarView.h */ = {isa = PBXFileReference; fileEncoding = 4; lastKnownFileType = sourcecode.c.h; path = MGCYearCalendarView.h; sourceTree = "<group>"; };
		EF5809071CB7D4CC00069EA2 /* MGCYearCalendarView.m */ = {isa = PBXFileReference; fileEncoding = 4; lastKnownFileType = sourcecode.c.objc; path = MGCYearCalendarView.m; sourceTree = "<group>"; };
		EF5809081CB7D4CC00069EA2 /* NSAttributedString+MGCAdditions.h */ = {isa = PBXFileReference; fileEncoding = 4; lastKnownFileType = sourcecode.c.h; path = "NSAttributedString+MGCAdditions.h"; sourceTree = "<group>"; };
		EF5809091CB7D4CC00069EA2 /* NSAttributedString+MGCAdditions.m */ = {isa = PBXFileReference; fileEncoding = 4; lastKnownFileType = sourcecode.c.objc; path = "NSAttributedString+MGCAdditions.m"; sourceTree = "<group>"; };
		EF58090A1CB7D4CC00069EA2 /* NSCalendar+MGCAdditions.h */ = {isa = PBXFileReference; fileEncoding = 4; lastKnownFileType = sourcecode.c.h; path = "NSCalendar+MGCAdditions.h"; sourceTree = "<group>"; };
		EF58090B1CB7D4CC00069EA2 /* NSCalendar+MGCAdditions.m */ = {isa = PBXFileReference; fileEncoding = 4; lastKnownFileType = sourcecode.c.objc; path = "NSCalendar+MGCAdditions.m"; sourceTree = "<group>"; };
		EF58090D1CB7D4CC00069EA2 /* OrderedDictionary.h */ = {isa = PBXFileReference; fileEncoding = 4; lastKnownFileType = sourcecode.c.h; path = OrderedDictionary.h; sourceTree = "<group>"; };
		EF58090E1CB7D4CC00069EA2 /* OrderedDictionary.m */ = {isa = PBXFileReference; fileEncoding = 4; lastKnownFileType = sourcecode.c.objc; path = OrderedDictionary.m; sourceTree = "<group>"; };
		EF5809101CB7D4CC00069EA2 /* OSCache.h */ = {isa = PBXFileReference; fileEncoding = 4; lastKnownFileType = sourcecode.c.h; path = OSCache.h; sourceTree = "<group>"; };
		EF5809111CB7D4CC00069EA2 /* OSCache.m */ = {isa = PBXFileReference; fileEncoding = 4; lastKnownFileType = sourcecode.c.objc; path = OSCache.m; sourceTree = "<group>"; };
		EF58094F1CB7D6D100069EA2 /* CAWeekViewController.swift */ = {isa = PBXFileReference; fileEncoding = 4; lastKnownFileType = sourcecode.swift; path = CAWeekViewController.swift; sourceTree = "<group>"; };
		EF5DF8311C7D75F4003CF533 /* Assets.xcassets */ = {isa = PBXFileReference; lastKnownFileType = folder.assetcatalog; path = Assets.xcassets; sourceTree = "<group>"; };
		EFBC489C1C719DE500915AC7 /* CAWeatherSectionView.swift */ = {isa = PBXFileReference; fileEncoding = 4; lastKnownFileType = sourcecode.swift; path = CAWeatherSectionView.swift; sourceTree = "<group>"; };
		EFBC489E1C719DFF00915AC7 /* CAWeatherSectionView.xib */ = {isa = PBXFileReference; fileEncoding = 4; lastKnownFileType = file.xib; path = CAWeatherSectionView.xib; sourceTree = "<group>"; };
		EFBC48A41C72F6AF00915AC7 /* CAStudyLifeSectionView.swift */ = {isa = PBXFileReference; fileEncoding = 4; lastKnownFileType = sourcecode.swift; path = CAStudyLifeSectionView.swift; sourceTree = "<group>"; };
		EFBC48A61C72FA0400915AC7 /* CAStudyLifeSectionView.xib */ = {isa = PBXFileReference; fileEncoding = 4; lastKnownFileType = file.xib; path = CAStudyLifeSectionView.xib; sourceTree = "<group>"; };
		EFBC48A91C73377000915AC7 /* Macro.swift */ = {isa = PBXFileReference; fileEncoding = 4; lastKnownFileType = sourcecode.swift; path = Macro.swift; sourceTree = "<group>"; };
		EFBC48B01C733C3100915AC7 /* CAAddMoreSectionView.swift */ = {isa = PBXFileReference; fileEncoding = 4; lastKnownFileType = sourcecode.swift; path = CAAddMoreSectionView.swift; sourceTree = "<group>"; };
		EFBC48B21C733C3D00915AC7 /* CAAddMoreSectionView.xib */ = {isa = PBXFileReference; fileEncoding = 4; lastKnownFileType = file.xib; path = CAAddMoreSectionView.xib; sourceTree = "<group>"; };
/* End PBXFileReference section */

/* Begin PBXFrameworksBuildPhase section */
		EF377C381C6F919B00B40D20 /* Frameworks */ = {
			isa = PBXFrameworksBuildPhase;
			buildActionMask = 2147483647;
			files = (
				C35912C857EB21BDF24880F7 /* Pods_CampusAssistant.framework in Frameworks */,
			);
			runOnlyForDeploymentPostprocessing = 0;
		};
		EF377C4C1C6F919B00B40D20 /* Frameworks */ = {
			isa = PBXFrameworksBuildPhase;
			buildActionMask = 2147483647;
			files = (
			);
			runOnlyForDeploymentPostprocessing = 0;
		};
/* End PBXFrameworksBuildPhase section */

/* Begin PBXGroup section */
		4376008554A7E7E9C2BA4506 /* Frameworks */ = {
			isa = PBXGroup;
			children = (
				E77B343ACF9B277C71FC6841 /* Pods_CampusAssistant.framework */,
			);
			name = Frameworks;
			sourceTree = "<group>";
		};
		C00230006B81691CB9DDBEF0 /* Pods */ = {
			isa = PBXGroup;
			children = (
				1235F2E648FC303DE461892D /* Pods-CampusAssistant.debug.xcconfig */,
				1503BEBBEA8DD2D8E11AF8A8 /* Pods-CampusAssistant.release.xcconfig */,
			);
			name = Pods;
			sourceTree = "<group>";
		};
		EF0C41701C758B820044B9C0 /* Data */ = {
			isa = PBXGroup;
			children = (
				EF0C41711C758B820044B9C0 /* collections.plist */,
			);
			path = Data;
			sourceTree = "<group>";
		};
		EF331FC71C7861A200695A3B /* Cell */ = {
			isa = PBXGroup;
			children = (
				EF331FC81C7861A200695A3B /* FunctionCell */,
				EF331FCB1C7861A200695A3B /* ProfileInfoCell */,
			);
			path = Cell;
			sourceTree = "<group>";
		};
		EF331FC81C7861A200695A3B /* FunctionCell */ = {
			isa = PBXGroup;
			children = (
				EF331FC91C7861A200695A3B /* CAFunctionCell.swift */,
				EF331FCA1C7861A200695A3B /* CAFunctionCell.xib */,
			);
			path = FunctionCell;
			sourceTree = "<group>";
		};
		EF331FCB1C7861A200695A3B /* ProfileInfoCell */ = {
			isa = PBXGroup;
			children = (
				EF331FCE1C7861C100695A3B /* CAProfileInfoCell.swift */,
				EF331FD01C7861D000695A3B /* CAProfileInfoCell.xib */,
			);
			path = ProfileInfoCell;
			sourceTree = "<group>";
		};
		EF331FD21C786C5500695A3B /* Tools */ = {
			isa = PBXGroup;
			children = (
				EF331FD31C786C6600695A3B /* CAStudentTool.swift */,
			);
			path = Tools;
			sourceTree = "<group>";
		};
		EF331FF11C7960E800695A3B /* SlideMenu */ = {
			isa = PBXGroup;
			children = (
				EF18DAD21C79694200369F33 /* CARightSlideMenuViewController.swift */,
			);
			name = SlideMenu;
			path = SlidMenu;
			sourceTree = "<group>";
		};
		EF377C321C6F919B00B40D20 = {
			isa = PBXGroup;
			children = (
				EF377C3D1C6F919B00B40D20 /* CampusAssistant */,
				EF377C521C6F919B00B40D20 /* CampusAssistantTests */,
				EF377C3C1C6F919B00B40D20 /* Products */,
				C00230006B81691CB9DDBEF0 /* Pods */,
				4376008554A7E7E9C2BA4506 /* Frameworks */,
			);
			sourceTree = "<group>";
		};
		EF377C3C1C6F919B00B40D20 /* Products */ = {
			isa = PBXGroup;
			children = (
				EF377C3B1C6F919B00B40D20 /* CampusAssistant.app */,
				EF377C4F1C6F919B00B40D20 /* CampusAssistantTests.xctest */,
			);
			name = Products;
			sourceTree = "<group>";
		};
		EF377C3D1C6F919B00B40D20 /* CampusAssistant */ = {
			isa = PBXGroup;
			children = (
				EF377C3E1C6F919B00B40D20 /* AppDelegate.swift */,
				EF377C5E1C6F936900B40D20 /* CampusAssistant-Bridging-Header.h */,
				EF5808C81CB7D4CC00069EA2 /* 3rdPartFrameworks */,
				EF331FD21C786C5500695A3B /* Tools */,
				EF0C41701C758B820044B9C0 /* Data */,
				EFBC48A81C73376300915AC7 /* Macro */,
				EF3D6FE81C70D09A0051DA24 /* Font */,
				EF377C8E1C7038F800B40D20 /* Extensions */,
				EF377C8F1C7038F800B40D20 /* Models */,
				EF377C901C7038F800B40D20 /* ViewControllers */,
				EF377C941C7038F800B40D20 /* Views */,
				EF377C421C6F919B00B40D20 /* Main.storyboard */,
				EF377C471C6F919B00B40D20 /* LaunchScreen.storyboard */,
				EF5DF8311C7D75F4003CF533 /* Assets.xcassets */,
				EF377C4A1C6F919B00B40D20 /* Info.plist */,
			);
			path = CampusAssistant;
			sourceTree = "<group>";
		};
		EF377C521C6F919B00B40D20 /* CampusAssistantTests */ = {
			isa = PBXGroup;
			children = (
				EF377C531C6F919B00B40D20 /* CampusAssistantTests.swift */,
				EF377C551C6F919B00B40D20 /* Info.plist */,
			);
			path = CampusAssistantTests;
			sourceTree = "<group>";
		};
		EF377C8E1C7038F800B40D20 /* Extensions */ = {
			isa = PBXGroup;
			children = (
				EF44E80F1C7C8BC200ADCC5E /* String+CA.swift */,
				EF50E7F21C775C0A00A0A5A5 /* UIImage+CA.swift */,
				EF50E7F41C77621B00A0A5A5 /* UIImageView+CA.swift */,
				EF3DF2731C784F0F002276A6 /* NSData+CA.swift */,
				EF44E80B1C7C5DB300ADCC5E /* UIColor+CA.swift */,
			);
			path = Extensions;
			sourceTree = "<group>";
		};
		EF377C8F1C7038F800B40D20 /* Models */ = {
			isa = PBXGroup;
			children = (
				EF0C41831C75CA5F0044B9C0 /* CACollection.h */,
				EF0C41841C75CA5F0044B9C0 /* CACollection.m */,
				EF0C41851C75CA5F0044B9C0 /* CAFunction.h */,
				EF0C41861C75CA5F0044B9C0 /* CAFunction.m */,
				EF3DF2701C784A08002276A6 /* CAStudent.h */,
				EF3DF2711C784A08002276A6 /* CAStudent.m */,
			);
			path = Models;
			sourceTree = "<group>";
		};
		EF377C901C7038F800B40D20 /* ViewControllers */ = {
			isa = PBXGroup;
			children = (
				EF4E1DB31C85CB8000680EF4 /* EducationSystem */,
				EF4E1DB01C85C21400680EF4 /* Navigation */,
				EF44E7FA1C7AFE0F00ADCC5E /* SWReveal */,
				EF331FF11C7960E800695A3B /* SlideMenu */,
				EF3D6FDC1C7064260051DA24 /* Profile */,
				EF3D6FDA1C7064260051DA24 /* Collections */,
				EF3D6FDB1C7064260051DA24 /* Home */,
			);
			path = ViewControllers;
			sourceTree = "<group>";
		};
		EF377C941C7038F800B40D20 /* Views */ = {
			isa = PBXGroup;
			children = (
				EF44E8081C7C1F4500ADCC5E /* TextField */,
				EF44E7FE1C7BFCAF00ADCC5E /* Account */,
				EF44E7FF1C7BFCAF00ADCC5E /* IPWG */,
				EF331FC71C7861A200695A3B /* Cell */,
				EF50E7EB1C772CDC00A0A5A5 /* CollectionTitleHeader */,
				EF50E7E61C7729FC00A0A5A5 /* ProfileHeader */,
				EFBC48AF1C733C1700915AC7 /* AddMore */,
				EFBC489A1C719DA700915AC7 /* StudyLife */,
				EFBC489B1C719DA700915AC7 /* Weather */,
			);
			path = Views;
			sourceTree = "<group>";
		};
		EF3D6FDA1C7064260051DA24 /* Collections */ = {
			isa = PBXGroup;
			children = (
				EF3D6FE31C7064870051DA24 /* CACollectionsViewController.swift */,
			);
			path = Collections;
			sourceTree = "<group>";
		};
		EF3D6FDB1C7064260051DA24 /* Home */ = {
			isa = PBXGroup;
			children = (
				EF3D6FDF1C7064740051DA24 /* CAHomeViewController.swift */,
			);
			path = Home;
			sourceTree = "<group>";
		};
		EF3D6FDC1C7064260051DA24 /* Profile */ = {
			isa = PBXGroup;
			children = (
				EF3D6FE11C70647C0051DA24 /* CAProfileViewController.swift */,
			);
			path = Profile;
			sourceTree = "<group>";
		};
		EF3D6FE81C70D09A0051DA24 /* Font */ = {
			isa = PBXGroup;
			children = (
				EF3D6FE91C70D09A0051DA24 /* Montserrat-Bold.ttf */,
				EF3D6FEA1C70D09A0051DA24 /* Montserrat-Regular.ttf */,
			);
			path = Font;
			sourceTree = "<group>";
		};
		EF44E7FA1C7AFE0F00ADCC5E /* SWReveal */ = {
			isa = PBXGroup;
			children = (
				EF44E7FB1C7AFE0F00ADCC5E /* SWRevealViewController.h */,
				EF44E7FC1C7AFE0F00ADCC5E /* SWRevealViewController.m */,
			);
			path = SWReveal;
			sourceTree = "<group>";
		};
		EF44E7FE1C7BFCAF00ADCC5E /* Account */ = {
			isa = PBXGroup;
			children = (
				EF44E8001C7BFCDE00ADCC5E /* CAAccountSectionView.swift */,
				EF44E8021C7BFCEE00ADCC5E /* CAAccountSectionView.xib */,
			);
			path = Account;
			sourceTree = "<group>";
		};
		EF44E7FF1C7BFCAF00ADCC5E /* IPWG */ = {
			isa = PBXGroup;
			children = (
				EF44E8041C7BFD0B00ADCC5E /* CAIPWGSectionView.swift */,
				EF44E8061C7BFD1E00ADCC5E /* CAIPWGSectionView.xib */,
			);
			path = IPWG;
			sourceTree = "<group>";
		};
		EF44E8081C7C1F4500ADCC5E /* TextField */ = {
			isa = PBXGroup;
			children = (
				EF44E8091C7C1FA600ADCC5E /* CALightAlphaTextField.swift */,
			);
			path = TextField;
			sourceTree = "<group>";
		};
		EF4E1DB01C85C21400680EF4 /* Navigation */ = {
			isa = PBXGroup;
			children = (
				EF4E1DB11C85C23200680EF4 /* CANavigationController.swift */,
			);
			path = Navigation;
			sourceTree = "<group>";
		};
		EF4E1DB31C85CB8000680EF4 /* EducationSystem */ = {
			isa = PBXGroup;
			children = (
				EF4E1DB41C85CB8000680EF4 /* CheckGrades */,
				EF4E1DB51C85CB8000680EF4 /* ClassList */,
				EF4E1DB61C85CB8000680EF4 /* CreditWarning */,
				EF4E1DB71C85CB8000680EF4 /* EmptyRoom */,
				EF4E1DB81C85CB8000680EF4 /* ExamAgenda */,
				EF4E1DB91C85CB8000680EF4 /* FosterPlan */,
			);
			path = EducationSystem;
			sourceTree = "<group>";
		};
		EF4E1DB41C85CB8000680EF4 /* CheckGrades */ = {
			isa = PBXGroup;
			children = (
				EF4E1DBA1C85CFE200680EF4 /* CACheckGradesViewController.swift */,
			);
			path = CheckGrades;
			sourceTree = "<group>";
		};
		EF4E1DB51C85CB8000680EF4 /* ClassList */ = {
			isa = PBXGroup;
			children = (
				EF4E1DBC1C85CFEE00680EF4 /* CAClassListViewController.swift */,
				EF58094F1CB7D6D100069EA2 /* CAWeekViewController.swift */,
			);
			path = ClassList;
			sourceTree = "<group>";
		};
		EF4E1DB61C85CB8000680EF4 /* CreditWarning */ = {
			isa = PBXGroup;
			children = (
				EF4E1DBE1C85D07C00680EF4 /* CACreditWarningViewController.swift */,
			);
			path = CreditWarning;
			sourceTree = "<group>";
		};
		EF4E1DB71C85CB8000680EF4 /* EmptyRoom */ = {
			isa = PBXGroup;
			children = (
				EF4E1DC01C85D08D00680EF4 /* CAEmptyRoomViewController.swift */,
			);
			path = EmptyRoom;
			sourceTree = "<group>";
		};
		EF4E1DB81C85CB8000680EF4 /* ExamAgenda */ = {
			isa = PBXGroup;
			children = (
				EF4E1DC21C85D09700680EF4 /* CAExamAgendaViewController.swift */,
			);
			path = ExamAgenda;
			sourceTree = "<group>";
		};
		EF4E1DB91C85CB8000680EF4 /* FosterPlan */ = {
			isa = PBXGroup;
			children = (
				EF4E1DC41C85D0A100680EF4 /* CAFosterPlanViewController.swift */,
			);
			path = FosterPlan;
			sourceTree = "<group>";
		};
		EF50E7E61C7729FC00A0A5A5 /* ProfileHeader */ = {
			isa = PBXGroup;
			children = (
				EF50E7E91C772A6700A0A5A5 /* CAProfileHeader.xib */,
				EF50E7F01C773F0F00A0A5A5 /* CAProfileHeader.swift */,
			);
			path = ProfileHeader;
			sourceTree = "<group>";
		};
		EF50E7EB1C772CDC00A0A5A5 /* CollectionTitleHeader */ = {
			isa = PBXGroup;
			children = (
				EF50E7EC1C772CDC00A0A5A5 /* CACollectionTitleHeader.swift */,
				EF50E7ED1C772CDC00A0A5A5 /* CACollectionTitleHeader.xib */,
			);
			path = CollectionTitleHeader;
			sourceTree = "<group>";
		};
		EF5808C81CB7D4CC00069EA2 /* 3rdPartFrameworks */ = {
			isa = PBXGroup;
			children = (
				EF5808C91CB7D4CC00069EA2 /* CalendarLib */,
				EF58090C1CB7D4CC00069EA2 /* OrderedDictionary */,
				EF58090F1CB7D4CC00069EA2 /* OSCache */,
			);
			path = 3rdPartFrameworks;
			sourceTree = "<group>";
		};
		EF5808C91CB7D4CC00069EA2 /* CalendarLib */ = {
			isa = PBXGroup;
			children = (
				EF5808CA1CB7D4CC00069EA2 /* Constant.h */,
				EF5808CB1CB7D4CC00069EA2 /* Localizable.strings */,
				EF5808CE1CB7D4CC00069EA2 /* MGCAlignedGeometry.h */,
				EF5808CF1CB7D4CC00069EA2 /* MGCAlignedGeometry.m */,
				EF5808D01CB7D4CC00069EA2 /* MGCAllDayEventsViewLayout.h */,
				EF5808D11CB7D4CC00069EA2 /* MGCAllDayEventsViewLayout.m */,
				EF5808D21CB7D4CC00069EA2 /* MGCDateRange.h */,
				EF5808D31CB7D4CC00069EA2 /* MGCDateRange.m */,
				EF5808D41CB7D4CC00069EA2 /* MGCDayColumnCell.h */,
				EF5808D51CB7D4CC00069EA2 /* MGCDayColumnCell.m */,
				EF5808D61CB7D4CC00069EA2 /* MGCDayPlannerEKViewController.h */,
				EF5808D71CB7D4CC00069EA2 /* MGCDayPlannerEKViewController.m */,
				EF5808D81CB7D4CC00069EA2 /* MGCDayPlannerView.h */,
				EF5808D91CB7D4CC00069EA2 /* MGCDayPlannerView.m */,
				EF5808DA1CB7D4CC00069EA2 /* MGCDayPlannerViewController.h */,
				EF5808DB1CB7D4CC00069EA2 /* MGCDayPlannerViewController.m */,
				EF5808DC1CB7D4CC00069EA2 /* MGCEventCell.h */,
				EF5808DD1CB7D4CC00069EA2 /* MGCEventCell.m */,
				EF5808DE1CB7D4CC00069EA2 /* MGCEventCellLayoutAttributes.h */,
				EF5808DF1CB7D4CC00069EA2 /* MGCEventCellLayoutAttributes.m */,
				EF5808E01CB7D4CC00069EA2 /* MGCEventKitSupport.h */,
				EF5808E11CB7D4CC00069EA2 /* MGCEventKitSupport.m */,
				EF5808E21CB7D4CC00069EA2 /* MGCEventsRowView.h */,
				EF5808E31CB7D4CC00069EA2 /* MGCEventsRowView.m */,
				EF5808E41CB7D4CC00069EA2 /* MGCEventView.h */,
				EF5808E51CB7D4CC00069EA2 /* MGCEventView.m */,
				EF5808E61CB7D4CC00069EA2 /* MGCInteractiveEventView.h */,
				EF5808E71CB7D4CC00069EA2 /* MGCInteractiveEventView.m */,
				EF5808E81CB7D4CC00069EA2 /* MGCMonthMiniCalendarView.h */,
				EF5808E91CB7D4CC00069EA2 /* MGCMonthMiniCalendarView.m */,
				EF5808EA1CB7D4CC00069EA2 /* MGCMonthPlannerBackgroundView.h */,
				EF5808EB1CB7D4CC00069EA2 /* MGCMonthPlannerBackgroundView.m */,
				EF5808EC1CB7D4CC00069EA2 /* MGCMonthPlannerEKViewController.h */,
				EF5808ED1CB7D4CC00069EA2 /* MGCMonthPlannerEKViewController.m */,
				EF5808EE1CB7D4CC00069EA2 /* MGCMonthPlannerHeaderView.h */,
				EF5808EF1CB7D4CC00069EA2 /* MGCMonthPlannerHeaderView.m */,
				EF5808F01CB7D4CC00069EA2 /* MGCMonthPlannerView.h */,
				EF5808F11CB7D4CC00069EA2 /* MGCMonthPlannerView.m */,
				EF5808F21CB7D4CC00069EA2 /* MGCMonthPlannerViewController.h */,
				EF5808F31CB7D4CC00069EA2 /* MGCMonthPlannerViewController.m */,
				EF5808F41CB7D4CC00069EA2 /* MGCMonthPlannerViewDayCell.h */,
				EF5808F51CB7D4CC00069EA2 /* MGCMonthPlannerViewDayCell.m */,
				EF5808F61CB7D4CC00069EA2 /* MGCMonthPlannerViewLayout.h */,
				EF5808F71CB7D4CC00069EA2 /* MGCMonthPlannerViewLayout.m */,
				EF5808F81CB7D4CC00069EA2 /* MGCMonthPlannerWeekView.h */,
				EF5808F91CB7D4CC00069EA2 /* MGCMonthPlannerWeekView.m */,
				EF5808FA1CB7D4CC00069EA2 /* MGCReusableObjectQueue.h */,
				EF5808FB1CB7D4CC00069EA2 /* MGCReusableObjectQueue.m */,
				EF5808FC1CB7D4CC00069EA2 /* MGCStandardEventView.h */,
				EF5808FD1CB7D4CC00069EA2 /* MGCStandardEventView.m */,
				EF5808FE1CB7D4CC00069EA2 /* MGCTimedEventsViewLayout.h */,
				EF5808FF1CB7D4CC00069EA2 /* MGCTimedEventsViewLayout.m */,
				EF5809001CB7D4CC00069EA2 /* MGCTimeRowsView.h */,
				EF5809011CB7D4CC00069EA2 /* MGCTimeRowsView.m */,
				EF5809021CB7D4CC00069EA2 /* MGCYearCalendarMonthCell.h */,
				EF5809031CB7D4CC00069EA2 /* MGCYearCalendarMonthCell.m */,
				EF5809041CB7D4CC00069EA2 /* MGCYearCalendarMonthHeaderView.h */,
				EF5809051CB7D4CC00069EA2 /* MGCYearCalendarMonthHeaderView.m */,
				EF5809061CB7D4CC00069EA2 /* MGCYearCalendarView.h */,
				EF5809071CB7D4CC00069EA2 /* MGCYearCalendarView.m */,
				EF5809081CB7D4CC00069EA2 /* NSAttributedString+MGCAdditions.h */,
				EF5809091CB7D4CC00069EA2 /* NSAttributedString+MGCAdditions.m */,
				EF58090A1CB7D4CC00069EA2 /* NSCalendar+MGCAdditions.h */,
				EF58090B1CB7D4CC00069EA2 /* NSCalendar+MGCAdditions.m */,
			);
			path = CalendarLib;
			sourceTree = "<group>";
		};
		EF58090C1CB7D4CC00069EA2 /* OrderedDictionary */ = {
			isa = PBXGroup;
			children = (
				EF58090D1CB7D4CC00069EA2 /* OrderedDictionary.h */,
				EF58090E1CB7D4CC00069EA2 /* OrderedDictionary.m */,
			);
			path = OrderedDictionary;
			sourceTree = "<group>";
		};
		EF58090F1CB7D4CC00069EA2 /* OSCache */ = {
			isa = PBXGroup;
			children = (
				EF5809101CB7D4CC00069EA2 /* OSCache.h */,
				EF5809111CB7D4CC00069EA2 /* OSCache.m */,
			);
			path = OSCache;
			sourceTree = "<group>";
		};
		EFBC489A1C719DA700915AC7 /* StudyLife */ = {
			isa = PBXGroup;
			children = (
				EFBC48A41C72F6AF00915AC7 /* CAStudyLifeSectionView.swift */,
				EFBC48A61C72FA0400915AC7 /* CAStudyLifeSectionView.xib */,
			);
			path = StudyLife;
			sourceTree = "<group>";
		};
		EFBC489B1C719DA700915AC7 /* Weather */ = {
			isa = PBXGroup;
			children = (
				EFBC489C1C719DE500915AC7 /* CAWeatherSectionView.swift */,
				EFBC489E1C719DFF00915AC7 /* CAWeatherSectionView.xib */,
			);
			path = Weather;
			sourceTree = "<group>";
		};
		EFBC48A81C73376300915AC7 /* Macro */ = {
			isa = PBXGroup;
			children = (
				EFBC48A91C73377000915AC7 /* Macro.swift */,
			);
			path = Macro;
			sourceTree = "<group>";
		};
		EFBC48AF1C733C1700915AC7 /* AddMore */ = {
			isa = PBXGroup;
			children = (
				EFBC48B01C733C3100915AC7 /* CAAddMoreSectionView.swift */,
				EFBC48B21C733C3D00915AC7 /* CAAddMoreSectionView.xib */,
			);
			path = AddMore;
			sourceTree = "<group>";
		};
/* End PBXGroup section */

/* Begin PBXNativeTarget section */
		EF377C3A1C6F919B00B40D20 /* CampusAssistant */ = {
			isa = PBXNativeTarget;
			buildConfigurationList = EF377C581C6F919B00B40D20 /* Build configuration list for PBXNativeTarget "CampusAssistant" */;
			buildPhases = (
				89E4B2F18D792F2B377DADEB /* 📦 Check Pods Manifest.lock */,
				EF377C371C6F919B00B40D20 /* Sources */,
				EF377C381C6F919B00B40D20 /* Frameworks */,
				EF377C391C6F919B00B40D20 /* Resources */,
				F0B24A34BC7F1E158D1DD336 /* 📦 Embed Pods Frameworks */,
				B159DA94C0E5A76086074A01 /* 📦 Copy Pods Resources */,
			);
			buildRules = (
			);
			dependencies = (
			);
			name = CampusAssistant;
			productName = CampusAssistant;
			productReference = EF377C3B1C6F919B00B40D20 /* CampusAssistant.app */;
			productType = "com.apple.product-type.application";
		};
		EF377C4E1C6F919B00B40D20 /* CampusAssistantTests */ = {
			isa = PBXNativeTarget;
			buildConfigurationList = EF377C5B1C6F919B00B40D20 /* Build configuration list for PBXNativeTarget "CampusAssistantTests" */;
			buildPhases = (
				EF377C4B1C6F919B00B40D20 /* Sources */,
				EF377C4C1C6F919B00B40D20 /* Frameworks */,
				EF377C4D1C6F919B00B40D20 /* Resources */,
			);
			buildRules = (
			);
			dependencies = (
				EF377C511C6F919B00B40D20 /* PBXTargetDependency */,
			);
			name = CampusAssistantTests;
			productName = CampusAssistantTests;
			productReference = EF377C4F1C6F919B00B40D20 /* CampusAssistantTests.xctest */;
			productType = "com.apple.product-type.bundle.unit-test";
		};
/* End PBXNativeTarget section */

/* Begin PBXProject section */
		EF377C331C6F919B00B40D20 /* Project object */ = {
			isa = PBXProject;
			attributes = {
				CLASSPREFIX = CA;
				LastSwiftUpdateCheck = 0720;
				LastUpgradeCheck = 0720;
				ORGANIZATIONNAME = com.jacob;
				TargetAttributes = {
					EF377C3A1C6F919B00B40D20 = {
						CreatedOnToolsVersion = 7.2.1;
						DevelopmentTeam = 733C233Y34;
					};
					EF377C4E1C6F919B00B40D20 = {
						CreatedOnToolsVersion = 7.2.1;
						TestTargetID = EF377C3A1C6F919B00B40D20;
					};
				};
			};
			buildConfigurationList = EF377C361C6F919B00B40D20 /* Build configuration list for PBXProject "CampusAssistant" */;
			compatibilityVersion = "Xcode 3.2";
			developmentRegion = English;
			hasScannedForEncodings = 0;
			knownRegions = (
				en,
				Base,
				fr,
			);
			mainGroup = EF377C321C6F919B00B40D20;
			productRefGroup = EF377C3C1C6F919B00B40D20 /* Products */;
			projectDirPath = "";
			projectRoot = "";
			targets = (
				EF377C3A1C6F919B00B40D20 /* CampusAssistant */,
				EF377C4E1C6F919B00B40D20 /* CampusAssistantTests */,
			);
		};
/* End PBXProject section */

/* Begin PBXResourcesBuildPhase section */
		EF377C391C6F919B00B40D20 /* Resources */ = {
			isa = PBXResourcesBuildPhase;
			buildActionMask = 2147483647;
			files = (
				EF3D6FEB1C70D09A0051DA24 /* Montserrat-Bold.ttf in Resources */,
				EF377C491C6F919B00B40D20 /* LaunchScreen.storyboard in Resources */,
				EF50E7EA1C772A6700A0A5A5 /* CAProfileHeader.xib in Resources */,
				EF5DF8321C7D75F4003CF533 /* Assets.xcassets in Resources */,
				EF331FD11C7861D000695A3B /* CAProfileInfoCell.xib in Resources */,
				EF3D6FEC1C70D09A0051DA24 /* Montserrat-Regular.ttf in Resources */,
				EF0C41721C758B820044B9C0 /* collections.plist in Resources */,
				EF50E7EF1C772CDC00A0A5A5 /* CACollectionTitleHeader.xib in Resources */,
				EFBC48B31C733C3D00915AC7 /* CAAddMoreSectionView.xib in Resources */,
				EF44E8071C7BFD1E00ADCC5E /* CAIPWGSectionView.xib in Resources */,
				EFBC48A71C72FA0400915AC7 /* CAStudyLifeSectionView.xib in Resources */,
				EF377C441C6F919B00B40D20 /* Main.storyboard in Resources */,
				EF331FCD1C7861A200695A3B /* CAFunctionCell.xib in Resources */,
				EF5809251CB7D4CC00069EA2 /* Localizable.strings in Resources */,
				EF44E8031C7BFCEE00ADCC5E /* CAAccountSectionView.xib in Resources */,
				EFBC489F1C719DFF00915AC7 /* CAWeatherSectionView.xib in Resources */,
			);
			runOnlyForDeploymentPostprocessing = 0;
		};
		EF377C4D1C6F919B00B40D20 /* Resources */ = {
			isa = PBXResourcesBuildPhase;
			buildActionMask = 2147483647;
			files = (
			);
			runOnlyForDeploymentPostprocessing = 0;
		};
/* End PBXResourcesBuildPhase section */

/* Begin PBXShellScriptBuildPhase section */
		89E4B2F18D792F2B377DADEB /* 📦 Check Pods Manifest.lock */ = {
			isa = PBXShellScriptBuildPhase;
			buildActionMask = 2147483647;
			files = (
			);
			inputPaths = (
			);
			name = "📦 Check Pods Manifest.lock";
			outputPaths = (
			);
			runOnlyForDeploymentPostprocessing = 0;
			shellPath = /bin/sh;
			shellScript = "diff \"${PODS_ROOT}/../Podfile.lock\" \"${PODS_ROOT}/Manifest.lock\" > /dev/null\nif [[ $? != 0 ]] ; then\n    cat << EOM\nerror: The sandbox is not in sync with the Podfile.lock. Run 'pod install' or update your CocoaPods installation.\nEOM\n    exit 1\nfi\n";
			showEnvVarsInLog = 0;
		};
		B159DA94C0E5A76086074A01 /* 📦 Copy Pods Resources */ = {
			isa = PBXShellScriptBuildPhase;
			buildActionMask = 2147483647;
			files = (
			);
			inputPaths = (
			);
			name = "📦 Copy Pods Resources";
			outputPaths = (
			);
			runOnlyForDeploymentPostprocessing = 0;
			shellPath = /bin/sh;
			shellScript = "\"${SRCROOT}/Pods/Target Support Files/Pods-CampusAssistant/Pods-CampusAssistant-resources.sh\"\n";
			showEnvVarsInLog = 0;
		};
		F0B24A34BC7F1E158D1DD336 /* 📦 Embed Pods Frameworks */ = {
			isa = PBXShellScriptBuildPhase;
			buildActionMask = 2147483647;
			files = (
			);
			inputPaths = (
			);
			name = "📦 Embed Pods Frameworks";
			outputPaths = (
			);
			runOnlyForDeploymentPostprocessing = 0;
			shellPath = /bin/sh;
			shellScript = "\"${SRCROOT}/Pods/Target Support Files/Pods-CampusAssistant/Pods-CampusAssistant-frameworks.sh\"\n";
			showEnvVarsInLog = 0;
		};
/* End PBXShellScriptBuildPhase section */

/* Begin PBXSourcesBuildPhase section */
		EF377C371C6F919B00B40D20 /* Sources */ = {
			isa = PBXSourcesBuildPhase;
			buildActionMask = 2147483647;
			files = (
				EF3D6FE21C70647C0051DA24 /* CAProfileViewController.swift in Sources */,
				EF50E7F11C773F0F00A0A5A5 /* CAProfileHeader.swift in Sources */,
				EF5809341CB7D4CC00069EA2 /* MGCMonthPlannerBackgroundView.m in Sources */,
				EF331FCF1C7861C100695A3B /* CAProfileInfoCell.swift in Sources */,
				EF58092B1CB7D4CC00069EA2 /* MGCDayPlannerView.m in Sources */,
				EF4E1DB21C85C23200680EF4 /* CANavigationController.swift in Sources */,
				EF58092A1CB7D4CC00069EA2 /* MGCDayPlannerEKViewController.m in Sources */,
				EF5809431CB7D4CC00069EA2 /* NSAttributedString+MGCAdditions.m in Sources */,
				EF5809331CB7D4CC00069EA2 /* MGCMonthMiniCalendarView.m in Sources */,
				EFBC48B11C733C3100915AC7 /* CAAddMoreSectionView.swift in Sources */,
				EF58092E1CB7D4CC00069EA2 /* MGCEventCellLayoutAttributes.m in Sources */,
				EF3DF2721C784A08002276A6 /* CAStudent.m in Sources */,
				EF5809271CB7D4CC00069EA2 /* MGCAllDayEventsViewLayout.m in Sources */,
				EF5809281CB7D4CC00069EA2 /* MGCDateRange.m in Sources */,
				EF5809501CB7D6D100069EA2 /* CAWeekViewController.swift in Sources */,
				EF5809411CB7D4CC00069EA2 /* MGCYearCalendarMonthHeaderView.m in Sources */,
				EF5809361CB7D4CC00069EA2 /* MGCMonthPlannerHeaderView.m in Sources */,
				EF5809441CB7D4CC00069EA2 /* NSCalendar+MGCAdditions.m in Sources */,
				EF44E8011C7BFCDE00ADCC5E /* CAAccountSectionView.swift in Sources */,
				EF4E1DC51C85D0A100680EF4 /* CAFosterPlanViewController.swift in Sources */,
				EF3D6FE41C7064870051DA24 /* CACollectionsViewController.swift in Sources */,
				EF3DF2741C784F0F002276A6 /* NSData+CA.swift in Sources */,
				EF331FD41C786C6600695A3B /* CAStudentTool.swift in Sources */,
				EFBC48A51C72F6AF00915AC7 /* CAStudyLifeSectionView.swift in Sources */,
				EF44E8101C7C8BC200ADCC5E /* String+CA.swift in Sources */,
				EF377C3F1C6F919B00B40D20 /* AppDelegate.swift in Sources */,
				EF5809421CB7D4CC00069EA2 /* MGCYearCalendarView.m in Sources */,
				EF58092F1CB7D4CC00069EA2 /* MGCEventKitSupport.m in Sources */,
				EF58092D1CB7D4CC00069EA2 /* MGCEventCell.m in Sources */,
				EF58093D1CB7D4CC00069EA2 /* MGCStandardEventView.m in Sources */,
				EF4E1DBD1C85CFEE00680EF4 /* CAClassListViewController.swift in Sources */,
				EF5809371CB7D4CC00069EA2 /* MGCMonthPlannerView.m in Sources */,
				EF4E1DBB1C85CFE200680EF4 /* CACheckGradesViewController.swift in Sources */,
				EF3D6FE01C7064740051DA24 /* CAHomeViewController.swift in Sources */,
				EF5809291CB7D4CC00069EA2 /* MGCDayColumnCell.m in Sources */,
				EFBC48AA1C73377000915AC7 /* Macro.swift in Sources */,
				EF58093E1CB7D4CC00069EA2 /* MGCTimedEventsViewLayout.m in Sources */,
				EF50E7F51C77621B00A0A5A5 /* UIImageView+CA.swift in Sources */,
				EF4E1DC31C85D09700680EF4 /* CAExamAgendaViewController.swift in Sources */,
				EF58093A1CB7D4CC00069EA2 /* MGCMonthPlannerViewLayout.m in Sources */,
				EF5809301CB7D4CC00069EA2 /* MGCEventsRowView.m in Sources */,
				EF4E1DC11C85D08D00680EF4 /* CAEmptyRoomViewController.swift in Sources */,
				EF5809401CB7D4CC00069EA2 /* MGCYearCalendarMonthCell.m in Sources */,
				EF331FCC1C7861A200695A3B /* CAFunctionCell.swift in Sources */,
				EF0C41881C75CA5F0044B9C0 /* CAFunction.m in Sources */,
				EF5809351CB7D4CC00069EA2 /* MGCMonthPlannerEKViewController.m in Sources */,
				EF5809311CB7D4CC00069EA2 /* MGCEventView.m in Sources */,
				EF18DAD31C79694200369F33 /* CARightSlideMenuViewController.swift in Sources */,
				EF5809261CB7D4CC00069EA2 /* MGCAlignedGeometry.m in Sources */,
				EF58093C1CB7D4CC00069EA2 /* MGCReusableObjectQueue.m in Sources */,
				EF5809451CB7D4CC00069EA2 /* OrderedDictionary.m in Sources */,
				EF50E7EE1C772CDC00A0A5A5 /* CACollectionTitleHeader.swift in Sources */,
				EF4E1DBF1C85D07C00680EF4 /* CACreditWarningViewController.swift in Sources */,
				EF44E7FD1C7AFE0F00ADCC5E /* SWRevealViewController.m in Sources */,
				EF58093B1CB7D4CC00069EA2 /* MGCMonthPlannerWeekView.m in Sources */,
				EF5809461CB7D4CC00069EA2 /* OSCache.m in Sources */,
				EF44E8051C7BFD0B00ADCC5E /* CAIPWGSectionView.swift in Sources */,
				EFBC489D1C719DE500915AC7 /* CAWeatherSectionView.swift in Sources */,
				EF50E7F31C775C0A00A0A5A5 /* UIImage+CA.swift in Sources */,
				EF5809381CB7D4CC00069EA2 /* MGCMonthPlannerViewController.m in Sources */,
				EF5809391CB7D4CC00069EA2 /* MGCMonthPlannerViewDayCell.m in Sources */,
				EF58092C1CB7D4CC00069EA2 /* MGCDayPlannerViewController.m in Sources */,
				EF5809321CB7D4CC00069EA2 /* MGCInteractiveEventView.m in Sources */,
				EF44E80C1C7C5DB300ADCC5E /* UIColor+CA.swift in Sources */,
				EF44E80A1C7C1FA600ADCC5E /* CALightAlphaTextField.swift in Sources */,
				EF0C41871C75CA5F0044B9C0 /* CACollection.m in Sources */,
				EF58093F1CB7D4CC00069EA2 /* MGCTimeRowsView.m in Sources */,
			);
			runOnlyForDeploymentPostprocessing = 0;
		};
		EF377C4B1C6F919B00B40D20 /* Sources */ = {
			isa = PBXSourcesBuildPhase;
			buildActionMask = 2147483647;
			files = (
				EF377C541C6F919B00B40D20 /* CampusAssistantTests.swift in Sources */,
			);
			runOnlyForDeploymentPostprocessing = 0;
		};
/* End PBXSourcesBuildPhase section */

/* Begin PBXTargetDependency section */
		EF377C511C6F919B00B40D20 /* PBXTargetDependency */ = {
			isa = PBXTargetDependency;
			target = EF377C3A1C6F919B00B40D20 /* CampusAssistant */;
			targetProxy = EF377C501C6F919B00B40D20 /* PBXContainerItemProxy */;
		};
/* End PBXTargetDependency section */

/* Begin PBXVariantGroup section */
		EF377C421C6F919B00B40D20 /* Main.storyboard */ = {
			isa = PBXVariantGroup;
			children = (
				EF377C431C6F919B00B40D20 /* Base */,
			);
			name = Main.storyboard;
			sourceTree = "<group>";
		};
		EF377C471C6F919B00B40D20 /* LaunchScreen.storyboard */ = {
			isa = PBXVariantGroup;
			children = (
				EF377C481C6F919B00B40D20 /* Base */,
			);
			name = LaunchScreen.storyboard;
			sourceTree = "<group>";
		};
		EF5808CB1CB7D4CC00069EA2 /* Localizable.strings */ = {
			isa = PBXVariantGroup;
			children = (
				EF5808CC1CB7D4CC00069EA2 /* en */,
				EF5808CD1CB7D4CC00069EA2 /* fr */,
			);
			name = Localizable.strings;
			sourceTree = "<group>";
		};
/* End PBXVariantGroup section */

/* Begin XCBuildConfiguration section */
		EF377C561C6F919B00B40D20 /* Debug */ = {
			isa = XCBuildConfiguration;
			buildSettings = {
				ALWAYS_SEARCH_USER_PATHS = NO;
				CLANG_CXX_LANGUAGE_STANDARD = "gnu++0x";
				CLANG_CXX_LIBRARY = "libc++";
				CLANG_ENABLE_MODULES = YES;
				CLANG_ENABLE_OBJC_ARC = YES;
				CLANG_WARN_BOOL_CONVERSION = YES;
				CLANG_WARN_CONSTANT_CONVERSION = YES;
				CLANG_WARN_DIRECT_OBJC_ISA_USAGE = YES_ERROR;
				CLANG_WARN_EMPTY_BODY = YES;
				CLANG_WARN_ENUM_CONVERSION = YES;
				CLANG_WARN_INT_CONVERSION = YES;
				CLANG_WARN_OBJC_ROOT_CLASS = YES_ERROR;
				CLANG_WARN_UNREACHABLE_CODE = YES;
				CLANG_WARN__DUPLICATE_METHOD_MATCH = YES;
				"CODE_SIGN_IDENTITY[sdk=iphoneos*]" = "iPhone Developer";
				COPY_PHASE_STRIP = NO;
				DEBUG_INFORMATION_FORMAT = dwarf;
				ENABLE_STRICT_OBJC_MSGSEND = YES;
				ENABLE_TESTABILITY = YES;
				GCC_C_LANGUAGE_STANDARD = gnu99;
				GCC_DYNAMIC_NO_PIC = NO;
				GCC_NO_COMMON_BLOCKS = YES;
				GCC_OPTIMIZATION_LEVEL = 0;
				GCC_PREPROCESSOR_DEFINITIONS = (
					"DEBUG=1",
					"$(inherited)",
				);
				GCC_WARN_64_TO_32_BIT_CONVERSION = YES;
				GCC_WARN_ABOUT_RETURN_TYPE = YES_ERROR;
				GCC_WARN_UNDECLARED_SELECTOR = YES;
				GCC_WARN_UNINITIALIZED_AUTOS = YES_AGGRESSIVE;
				GCC_WARN_UNUSED_FUNCTION = YES;
				GCC_WARN_UNUSED_VARIABLE = YES;
				IPHONEOS_DEPLOYMENT_TARGET = 8.0;
				MTL_ENABLE_DEBUG_INFO = YES;
				ONLY_ACTIVE_ARCH = YES;
				SDKROOT = iphoneos;
				SWIFT_OBJC_BRIDGING_HEADER = "CampusAssistant/CampusAssistant-Bridging-Header.h";
				SWIFT_OPTIMIZATION_LEVEL = "-Onone";
			};
			name = Debug;
		};
		EF377C571C6F919B00B40D20 /* Release */ = {
			isa = XCBuildConfiguration;
			buildSettings = {
				ALWAYS_SEARCH_USER_PATHS = NO;
				CLANG_CXX_LANGUAGE_STANDARD = "gnu++0x";
				CLANG_CXX_LIBRARY = "libc++";
				CLANG_ENABLE_MODULES = YES;
				CLANG_ENABLE_OBJC_ARC = YES;
				CLANG_WARN_BOOL_CONVERSION = YES;
				CLANG_WARN_CONSTANT_CONVERSION = YES;
				CLANG_WARN_DIRECT_OBJC_ISA_USAGE = YES_ERROR;
				CLANG_WARN_EMPTY_BODY = YES;
				CLANG_WARN_ENUM_CONVERSION = YES;
				CLANG_WARN_INT_CONVERSION = YES;
				CLANG_WARN_OBJC_ROOT_CLASS = YES_ERROR;
				CLANG_WARN_UNREACHABLE_CODE = YES;
				CLANG_WARN__DUPLICATE_METHOD_MATCH = YES;
				"CODE_SIGN_IDENTITY[sdk=iphoneos*]" = "iPhone Developer";
				COPY_PHASE_STRIP = NO;
				DEBUG_INFORMATION_FORMAT = "dwarf-with-dsym";
				ENABLE_NS_ASSERTIONS = NO;
				ENABLE_STRICT_OBJC_MSGSEND = YES;
				GCC_C_LANGUAGE_STANDARD = gnu99;
				GCC_NO_COMMON_BLOCKS = YES;
				GCC_WARN_64_TO_32_BIT_CONVERSION = YES;
				GCC_WARN_ABOUT_RETURN_TYPE = YES_ERROR;
				GCC_WARN_UNDECLARED_SELECTOR = YES;
				GCC_WARN_UNINITIALIZED_AUTOS = YES_AGGRESSIVE;
				GCC_WARN_UNUSED_FUNCTION = YES;
				GCC_WARN_UNUSED_VARIABLE = YES;
				IPHONEOS_DEPLOYMENT_TARGET = 8.0;
				MTL_ENABLE_DEBUG_INFO = NO;
				SDKROOT = iphoneos;
				SWIFT_OBJC_BRIDGING_HEADER = "CampusAssistant/CampusAssistant-Bridging-Header.h";
				VALIDATE_PRODUCT = YES;
			};
			name = Release;
		};
		EF377C591C6F919B00B40D20 /* Debug */ = {
			isa = XCBuildConfiguration;
			baseConfigurationReference = 1235F2E648FC303DE461892D /* Pods-CampusAssistant.debug.xcconfig */;
			buildSettings = {
				ASSETCATALOG_COMPILER_APPICON_NAME = AppIcon;
				CLANG_ENABLE_MODULES = YES;
				CODE_SIGN_IDENTITY = "iPhone Developer";
				INFOPLIST_FILE = CampusAssistant/Info.plist;
				IPHONEOS_DEPLOYMENT_TARGET = 8.0;
				LD_RUNPATH_SEARCH_PATHS = "$(inherited) @executable_path/Frameworks";
				PRODUCT_BUNDLE_IDENTIFIER = "-47124563-qq.com.CampusAssistant";
				PRODUCT_NAME = "$(TARGET_NAME)";
				SWIFT_OBJC_BRIDGING_HEADER = "CampusAssistant/CampusAssistant-Bridging-Header.h";
				SWIFT_OPTIMIZATION_LEVEL = "-Onone";
			};
			name = Debug;
		};
		EF377C5A1C6F919B00B40D20 /* Release */ = {
			isa = XCBuildConfiguration;
			baseConfigurationReference = 1503BEBBEA8DD2D8E11AF8A8 /* Pods-CampusAssistant.release.xcconfig */;
			buildSettings = {
				ASSETCATALOG_COMPILER_APPICON_NAME = AppIcon;
				CLANG_ENABLE_MODULES = YES;
				CODE_SIGN_IDENTITY = "iPhone Developer";
				INFOPLIST_FILE = CampusAssistant/Info.plist;
				IPHONEOS_DEPLOYMENT_TARGET = 8.0;
				LD_RUNPATH_SEARCH_PATHS = "$(inherited) @executable_path/Frameworks";
				PRODUCT_BUNDLE_IDENTIFIER = "-47124563-qq.com.CampusAssistant";
				PRODUCT_NAME = "$(TARGET_NAME)";
				SWIFT_OBJC_BRIDGING_HEADER = "CampusAssistant/CampusAssistant-Bridging-Header.h";
			};
			name = Release;
		};
		EF377C5C1C6F919B00B40D20 /* Debug */ = {
			isa = XCBuildConfiguration;
			buildSettings = {
				BUNDLE_LOADER = "$(TEST_HOST)";
				INFOPLIST_FILE = CampusAssistantTests/Info.plist;
				LD_RUNPATH_SEARCH_PATHS = "$(inherited) @executable_path/Frameworks @loader_path/Frameworks";
				PRODUCT_BUNDLE_IDENTIFIER = "-47124563-qq.com.CampusAssistantTests";
				PRODUCT_NAME = "$(TARGET_NAME)";
				SWIFT_OBJC_BRIDGING_HEADER = "CampusAssistant/CampusAssistant-Bridging-Header.h";
				TEST_HOST = "$(BUILT_PRODUCTS_DIR)/CampusAssistant.app/CampusAssistant";
			};
			name = Debug;
		};
		EF377C5D1C6F919B00B40D20 /* Release */ = {
			isa = XCBuildConfiguration;
			buildSettings = {
				BUNDLE_LOADER = "$(TEST_HOST)";
				INFOPLIST_FILE = CampusAssistantTests/Info.plist;
				LD_RUNPATH_SEARCH_PATHS = "$(inherited) @executable_path/Frameworks @loader_path/Frameworks";
				PRODUCT_BUNDLE_IDENTIFIER = "-47124563-qq.com.CampusAssistantTests";
				PRODUCT_NAME = "$(TARGET_NAME)";
				SWIFT_OBJC_BRIDGING_HEADER = "CampusAssistant/CampusAssistant-Bridging-Header.h";
				TEST_HOST = "$(BUILT_PRODUCTS_DIR)/CampusAssistant.app/CampusAssistant";
			};
			name = Release;
		};
/* End XCBuildConfiguration section */

/* Begin XCConfigurationList section */
		EF377C361C6F919B00B40D20 /* Build configuration list for PBXProject "CampusAssistant" */ = {
			isa = XCConfigurationList;
			buildConfigurations = (
				EF377C561C6F919B00B40D20 /* Debug */,
				EF377C571C6F919B00B40D20 /* Release */,
			);
			defaultConfigurationIsVisible = 0;
			defaultConfigurationName = Release;
		};
		EF377C581C6F919B00B40D20 /* Build configuration list for PBXNativeTarget "CampusAssistant" */ = {
			isa = XCConfigurationList;
			buildConfigurations = (
				EF377C591C6F919B00B40D20 /* Debug */,
				EF377C5A1C6F919B00B40D20 /* Release */,
			);
			defaultConfigurationIsVisible = 0;
			defaultConfigurationName = Release;
		};
		EF377C5B1C6F919B00B40D20 /* Build configuration list for PBXNativeTarget "CampusAssistantTests" */ = {
			isa = XCConfigurationList;
			buildConfigurations = (
				EF377C5C1C6F919B00B40D20 /* Debug */,
				EF377C5D1C6F919B00B40D20 /* Release */,
			);
			defaultConfigurationIsVisible = 0;
			defaultConfigurationName = Release;
		};
/* End XCConfigurationList section */
	};
	rootObject = EF377C331C6F919B00B40D20 /* Project object */;
}
